// !$*UTF8*$!
{
	archiveVersion = 1;
	classes = {
	};
	objectVersion = 46;
	objects = {

/* Begin PBXBuildFile section */
		751707CC1B4620F6007F1AE2 /* main.m in Sources */ = {isa = PBXBuildFile; fileRef = 751707CB1B4620F6007F1AE2 /* main.m */; };
		751707CF1B4620F6007F1AE2 /* AppDelegate.m in Sources */ = {isa = PBXBuildFile; fileRef = 751707CE1B4620F6007F1AE2 /* AppDelegate.m */; };
		751707D21B4620F6007F1AE2 /* ViewController.m in Sources */ = {isa = PBXBuildFile; fileRef = 751707D11B4620F6007F1AE2 /* ViewController.m */; };
		751707D51B4620F6007F1AE2 /* Main.storyboard in Resources */ = {isa = PBXBuildFile; fileRef = 751707D31B4620F6007F1AE2 /* Main.storyboard */; };
		751707D71B4620F6007F1AE2 /* Images.xcassets in Resources */ = {isa = PBXBuildFile; fileRef = 751707D61B4620F6007F1AE2 /* Images.xcassets */; };
		751707DA1B4620F6007F1AE2 /* LaunchScreen.xib in Resources */ = {isa = PBXBuildFile; fileRef = 751707D81B4620F6007F1AE2 /* LaunchScreen.xib */; };
		751707E61B4620F6007F1AE2 /* ShenHuaTests.m in Sources */ = {isa = PBXBuildFile; fileRef = 751707E51B4620F6007F1AE2 /* ShenHuaTests.m */; };
		75EC99161B492DD700A5388A /* NSObject+BCCategory.m in Sources */ = {isa = PBXBuildFile; fileRef = 75EC99151B492DD700A5388A /* NSObject+BCCategory.m */; };
		75EC99191B492DF000A5388A /* UIView+BCCategory.m in Sources */ = {isa = PBXBuildFile; fileRef = 75EC99181B492DF000A5388A /* UIView+BCCategory.m */; };
		75EC991C1B492E0D00A5388A /* UIColor+BCCategory.m in Sources */ = {isa = PBXBuildFile; fileRef = 75EC991B1B492E0D00A5388A /* UIColor+BCCategory.m */; };
		75EC991F1B492E1E00A5388A /* NSData+BCCategory.m in Sources */ = {isa = PBXBuildFile; fileRef = 75EC991E1B492E1E00A5388A /* NSData+BCCategory.m */; };
		75EC99221B492E3000A5388A /* NSString+BCCategory.m in Sources */ = {isa = PBXBuildFile; fileRef = 75EC99211B492E3000A5388A /* NSString+BCCategory.m */; };
		75EC99251B492EA600A5388A /* UILabel+BCCategory.m in Sources */ = {isa = PBXBuildFile; fileRef = 75EC99241B492EA600A5388A /* UILabel+BCCategory.m */; };
		75EC99281B492ECB00A5388A /* UITextField+BCCategory.m in Sources */ = {isa = PBXBuildFile; fileRef = 75EC99271B492ECB00A5388A /* UITextField+BCCategory.m */; };
		75EC992B1B492EF400A5388A /* UIImageView+BCCategory.m in Sources */ = {isa = PBXBuildFile; fileRef = 75EC992A1B492EF400A5388A /* UIImageView+BCCategory.m */; };
		75EC992E1B492F2800A5388A /* UIButton+BCCategory.m in Sources */ = {isa = PBXBuildFile; fileRef = 75EC992D1B492F2800A5388A /* UIButton+BCCategory.m */; };
		75EC99311B492F7700A5388A /* UIViewController+BCCategory.m in Sources */ = {isa = PBXBuildFile; fileRef = 75EC99301B492F7700A5388A /* UIViewController+BCCategory.m */; };
		B57E5921C7DEA14F505A3FDF /* libPods.a in Frameworks */ = {isa = PBXBuildFile; fileRef = 022C79FE5A370031290B2049 /* libPods.a */; };
/* End PBXBuildFile section */

/* Begin PBXContainerItemProxy section */
		751707E01B4620F6007F1AE2 /* PBXContainerItemProxy */ = {
			isa = PBXContainerItemProxy;
			containerPortal = 751707BE1B4620F6007F1AE2 /* Project object */;
			proxyType = 1;
			remoteGlobalIDString = 751707C51B4620F6007F1AE2;
			remoteInfo = ShenHua;
		};
/* End PBXContainerItemProxy section */

/* Begin PBXFileReference section */
		022C79FE5A370031290B2049 /* libPods.a */ = {isa = PBXFileReference; explicitFileType = archive.ar; includeInIndex = 0; path = libPods.a; sourceTree = BUILT_PRODUCTS_DIR; };
		751707C61B4620F6007F1AE2 /* ShenHua.app */ = {isa = PBXFileReference; explicitFileType = wrapper.application; includeInIndex = 0; path = ShenHua.app; sourceTree = BUILT_PRODUCTS_DIR; };
		751707CA1B4620F6007F1AE2 /* Info.plist */ = {isa = PBXFileReference; lastKnownFileType = text.plist.xml; path = Info.plist; sourceTree = "<group>"; };
		751707CB1B4620F6007F1AE2 /* main.m */ = {isa = PBXFileReference; lastKnownFileType = sourcecode.c.objc; path = main.m; sourceTree = "<group>"; };
		751707CD1B4620F6007F1AE2 /* AppDelegate.h */ = {isa = PBXFileReference; lastKnownFileType = sourcecode.c.h; path = AppDelegate.h; sourceTree = "<group>"; };
		751707CE1B4620F6007F1AE2 /* AppDelegate.m */ = {isa = PBXFileReference; lastKnownFileType = sourcecode.c.objc; path = AppDelegate.m; sourceTree = "<group>"; };
		751707D01B4620F6007F1AE2 /* ViewController.h */ = {isa = PBXFileReference; lastKnownFileType = sourcecode.c.h; path = ViewController.h; sourceTree = "<group>"; };
		751707D11B4620F6007F1AE2 /* ViewController.m */ = {isa = PBXFileReference; lastKnownFileType = sourcecode.c.objc; path = ViewController.m; sourceTree = "<group>"; };
		751707D41B4620F6007F1AE2 /* Base */ = {isa = PBXFileReference; lastKnownFileType = file.storyboard; name = Base; path = Base.lproj/Main.storyboard; sourceTree = "<group>"; };
		751707D61B4620F6007F1AE2 /* Images.xcassets */ = {isa = PBXFileReference; lastKnownFileType = folder.assetcatalog; path = Images.xcassets; sourceTree = "<group>"; };
		751707D91B4620F6007F1AE2 /* Base */ = {isa = PBXFileReference; lastKnownFileType = file.xib; name = Base; path = Base.lproj/LaunchScreen.xib; sourceTree = "<group>"; };
		751707DF1B4620F6007F1AE2 /* ShenHuaTests.xctest */ = {isa = PBXFileReference; explicitFileType = wrapper.cfbundle; includeInIndex = 0; path = ShenHuaTests.xctest; sourceTree = BUILT_PRODUCTS_DIR; };
		751707E41B4620F6007F1AE2 /* Info.plist */ = {isa = PBXFileReference; lastKnownFileType = text.plist.xml; path = Info.plist; sourceTree = "<group>"; };
		751707E51B4620F6007F1AE2 /* ShenHuaTests.m */ = {isa = PBXFileReference; lastKnownFileType = sourcecode.c.objc; path = ShenHuaTests.m; sourceTree = "<group>"; };
		75EC99121B49296200A5388A /* BCCategory.h */ = {isa = PBXFileReference; lastKnownFileType = sourcecode.c.h; path = BCCategory.h; sourceTree = "<group>"; };
		75EC99131B492A0700A5388A /* Macros.h */ = {isa = PBXFileReference; lastKnownFileType = sourcecode.c.h; path = Macros.h; sourceTree = "<group>"; };
		75EC99141B492DD700A5388A /* NSObject+BCCategory.h */ = {isa = PBXFileReference; fileEncoding = 4; lastKnownFileType = sourcecode.c.h; path = "NSObject+BCCategory.h"; sourceTree = "<group>"; };
		75EC99151B492DD700A5388A /* NSObject+BCCategory.m */ = {isa = PBXFileReference; fileEncoding = 4; lastKnownFileType = sourcecode.c.objc; path = "NSObject+BCCategory.m"; sourceTree = "<group>"; };
		75EC99171B492DF000A5388A /* UIView+BCCategory.h */ = {isa = PBXFileReference; fileEncoding = 4; lastKnownFileType = sourcecode.c.h; path = "UIView+BCCategory.h"; sourceTree = "<group>"; };
		75EC99181B492DF000A5388A /* UIView+BCCategory.m */ = {isa = PBXFileReference; fileEncoding = 4; lastKnownFileType = sourcecode.c.objc; path = "UIView+BCCategory.m"; sourceTree = "<group>"; };
		75EC991A1B492E0D00A5388A /* UIColor+BCCategory.h */ = {isa = PBXFileReference; fileEncoding = 4; lastKnownFileType = sourcecode.c.h; path = "UIColor+BCCategory.h"; sourceTree = "<group>"; };
		75EC991B1B492E0D00A5388A /* UIColor+BCCategory.m */ = {isa = PBXFileReference; fileEncoding = 4; lastKnownFileType = sourcecode.c.objc; path = "UIColor+BCCategory.m"; sourceTree = "<group>"; };
		75EC991D1B492E1E00A5388A /* NSData+BCCategory.h */ = {isa = PBXFileReference; fileEncoding = 4; lastKnownFileType = sourcecode.c.h; path = "NSData+BCCategory.h"; sourceTree = "<group>"; };
		75EC991E1B492E1E00A5388A /* NSData+BCCategory.m */ = {isa = PBXFileReference; fileEncoding = 4; lastKnownFileType = sourcecode.c.objc; path = "NSData+BCCategory.m"; sourceTree = "<group>"; };
		75EC99201B492E3000A5388A /* NSString+BCCategory.h */ = {isa = PBXFileReference; fileEncoding = 4; lastKnownFileType = sourcecode.c.h; path = "NSString+BCCategory.h"; sourceTree = "<group>"; };
		75EC99211B492E3000A5388A /* NSString+BCCategory.m */ = {isa = PBXFileReference; fileEncoding = 4; lastKnownFileType = sourcecode.c.objc; path = "NSString+BCCategory.m"; sourceTree = "<group>"; };
		75EC99231B492EA600A5388A /* UILabel+BCCategory.h */ = {isa = PBXFileReference; fileEncoding = 4; lastKnownFileType = sourcecode.c.h; path = "UILabel+BCCategory.h"; sourceTree = "<group>"; };
		75EC99241B492EA600A5388A /* UILabel+BCCategory.m */ = {isa = PBXFileReference; fileEncoding = 4; lastKnownFileType = sourcecode.c.objc; path = "UILabel+BCCategory.m"; sourceTree = "<group>"; };
		75EC99261B492ECB00A5388A /* UITextField+BCCategory.h */ = {isa = PBXFileReference; fileEncoding = 4; lastKnownFileType = sourcecode.c.h; path = "UITextField+BCCategory.h"; sourceTree = "<group>"; };
		75EC99271B492ECB00A5388A /* UITextField+BCCategory.m */ = {isa = PBXFileReference; fileEncoding = 4; lastKnownFileType = sourcecode.c.objc; path = "UITextField+BCCategory.m"; sourceTree = "<group>"; };
		75EC99291B492EF400A5388A /* UIImageView+BCCategory.h */ = {isa = PBXFileReference; fileEncoding = 4; lastKnownFileType = sourcecode.c.h; path = "UIImageView+BCCategory.h"; sourceTree = "<group>"; };
		75EC992A1B492EF400A5388A /* UIImageView+BCCategory.m */ = {isa = PBXFileReference; fileEncoding = 4; lastKnownFileType = sourcecode.c.objc; path = "UIImageView+BCCategory.m"; sourceTree = "<group>"; };
		75EC992C1B492F2800A5388A /* UIButton+BCCategory.h */ = {isa = PBXFileReference; fileEncoding = 4; lastKnownFileType = sourcecode.c.h; path = "UIButton+BCCategory.h"; sourceTree = "<group>"; };
		75EC992D1B492F2800A5388A /* UIButton+BCCategory.m */ = {isa = PBXFileReference; fileEncoding = 4; lastKnownFileType = sourcecode.c.objc; path = "UIButton+BCCategory.m"; sourceTree = "<group>"; };
		75EC992F1B492F7700A5388A /* UIViewController+BCCategory.h */ = {isa = PBXFileReference; fileEncoding = 4; lastKnownFileType = sourcecode.c.h; path = "UIViewController+BCCategory.h"; sourceTree = "<group>"; };
		75EC99301B492F7700A5388A /* UIViewController+BCCategory.m */ = {isa = PBXFileReference; fileEncoding = 4; lastKnownFileType = sourcecode.c.objc; path = "UIViewController+BCCategory.m"; sourceTree = "<group>"; };
		FF2375C13402A36ACF555359 /* Pods.release.xcconfig */ = {isa = PBXFileReference; includeInIndex = 1; lastKnownFileType = text.xcconfig; name = Pods.release.xcconfig; path = "Pods/Target Support Files/Pods/Pods.release.xcconfig"; sourceTree = "<group>"; };
		FF40F2B762C94D1AB987DB7B /* Pods.debug.xcconfig */ = {isa = PBXFileReference; includeInIndex = 1; lastKnownFileType = text.xcconfig; name = Pods.debug.xcconfig; path = "Pods/Target Support Files/Pods/Pods.debug.xcconfig"; sourceTree = "<group>"; };
/* End PBXFileReference section */

/* Begin PBXFrameworksBuildPhase section */
		751707C31B4620F6007F1AE2 /* Frameworks */ = {
			isa = PBXFrameworksBuildPhase;
			buildActionMask = 2147483647;
			files = (
				B57E5921C7DEA14F505A3FDF /* libPods.a in Frameworks */,
			);
			runOnlyForDeploymentPostprocessing = 0;
		};
		751707DC1B4620F6007F1AE2 /* Frameworks */ = {
			isa = PBXFrameworksBuildPhase;
			buildActionMask = 2147483647;
			files = (
			);
			runOnlyForDeploymentPostprocessing = 0;
		};
/* End PBXFrameworksBuildPhase section */

/* Begin PBXGroup section */
		067A2E9AD234C8F02670B117 /* Pods */ = {
			isa = PBXGroup;
			children = (
				FF40F2B762C94D1AB987DB7B /* Pods.debug.xcconfig */,
				FF2375C13402A36ACF555359 /* Pods.release.xcconfig */,
			);
			name = Pods;
			sourceTree = "<group>";
		};
		401A1A27434E8D584D1110B3 /* Frameworks */ = {
			isa = PBXGroup;
			children = (
				022C79FE5A370031290B2049 /* libPods.a */,
			);
			name = Frameworks;
			sourceTree = "<group>";
		};
		751707BD1B4620F6007F1AE2 = {
			isa = PBXGroup;
			children = (
				751707C81B4620F6007F1AE2 /* ShenHua */,
				751707E21B4620F6007F1AE2 /* ShenHuaTests */,
				751707C71B4620F6007F1AE2 /* Products */,
				067A2E9AD234C8F02670B117 /* Pods */,
				401A1A27434E8D584D1110B3 /* Frameworks */,
			);
			sourceTree = "<group>";
		};
		751707C71B4620F6007F1AE2 /* Products */ = {
			isa = PBXGroup;
			children = (
				751707C61B4620F6007F1AE2 /* ShenHua.app */,
				751707DF1B4620F6007F1AE2 /* ShenHuaTests.xctest */,
			);
			name = Products;
			sourceTree = "<group>";
		};
		751707C81B4620F6007F1AE2 /* ShenHua */ = {
			isa = PBXGroup;
			children = (
				75EC99321B4931AD00A5388A /* Controller */,
				75ACC1E51B48EB5C001776AD /* AppDefine */,
				75ACC1E41B48E83D001776AD /* Util */,
				75ACC1E31B48E7A3001776AD /* Database */,
				75ACC1E21B48E73E001776AD /* Network */,
				75ACC1E11B48E6AC001776AD /* Category */,
				75ACC1E01B48E666001776AD /* Model */,
				751707CD1B4620F6007F1AE2 /* AppDelegate.h */,
				751707CE1B4620F6007F1AE2 /* AppDelegate.m */,
				751707D01B4620F6007F1AE2 /* ViewController.h */,
				751707D11B4620F6007F1AE2 /* ViewController.m */,
				751707D31B4620F6007F1AE2 /* Main.storyboard */,
				751707D61B4620F6007F1AE2 /* Images.xcassets */,
				751707D81B4620F6007F1AE2 /* LaunchScreen.xib */,
				751707C91B4620F6007F1AE2 /* Supporting Files */,
			);
			path = ShenHua;
			sourceTree = "<group>";
		};
		751707C91B4620F6007F1AE2 /* Supporting Files */ = {
			isa = PBXGroup;
			children = (
				751707CA1B4620F6007F1AE2 /* Info.plist */,
				751707CB1B4620F6007F1AE2 /* main.m */,
			);
			name = "Supporting Files";
			sourceTree = "<group>";
		};
		751707E21B4620F6007F1AE2 /* ShenHuaTests */ = {
			isa = PBXGroup;
			children = (
				751707E51B4620F6007F1AE2 /* ShenHuaTests.m */,
				751707E31B4620F6007F1AE2 /* Supporting Files */,
			);
			path = ShenHuaTests;
			sourceTree = "<group>";
		};
		751707E31B4620F6007F1AE2 /* Supporting Files */ = {
			isa = PBXGroup;
			children = (
				751707E41B4620F6007F1AE2 /* Info.plist */,
			);
			name = "Supporting Files";
			sourceTree = "<group>";
		};
		75ACC1E01B48E666001776AD /* Model */ = {
			isa = PBXGroup;
			children = (
			);
			path = Model;
			sourceTree = "<group>";
		};
		75ACC1E11B48E6AC001776AD /* Category */ = {
			isa = PBXGroup;
			children = (
				75EC99121B49296200A5388A /* BCCategory.h */,
				75EC99141B492DD700A5388A /* NSObject+BCCategory.h */,
				75EC99151B492DD700A5388A /* NSObject+BCCategory.m */,
				75EC99171B492DF000A5388A /* UIView+BCCategory.h */,
				75EC99181B492DF000A5388A /* UIView+BCCategory.m */,
				75EC991A1B492E0D00A5388A /* UIColor+BCCategory.h */,
				75EC991B1B492E0D00A5388A /* UIColor+BCCategory.m */,
				75EC991D1B492E1E00A5388A /* NSData+BCCategory.h */,
				75EC991E1B492E1E00A5388A /* NSData+BCCategory.m */,
				75EC99201B492E3000A5388A /* NSString+BCCategory.h */,
				75EC99211B492E3000A5388A /* NSString+BCCategory.m */,
				75EC99231B492EA600A5388A /* UILabel+BCCategory.h */,
				75EC99241B492EA600A5388A /* UILabel+BCCategory.m */,
				75EC99261B492ECB00A5388A /* UITextField+BCCategory.h */,
				75EC99271B492ECB00A5388A /* UITextField+BCCategory.m */,
				75EC99291B492EF400A5388A /* UIImageView+BCCategory.h */,
				75EC992A1B492EF400A5388A /* UIImageView+BCCategory.m */,
				75EC992C1B492F2800A5388A /* UIButton+BCCategory.h */,
				75EC992D1B492F2800A5388A /* UIButton+BCCategory.m */,
				75EC992F1B492F7700A5388A /* UIViewController+BCCategory.h */,
				75EC99301B492F7700A5388A /* UIViewController+BCCategory.m */,
			);
			path = Category;
			sourceTree = "<group>";
		};
		75ACC1E21B48E73E001776AD /* Network */ = {
			isa = PBXGroup;
			children = (
			);
			path = Network;
			sourceTree = "<group>";
		};
		75ACC1E31B48E7A3001776AD /* Database */ = {
			isa = PBXGroup;
			children = (
			);
			path = Database;
			sourceTree = "<group>";
		};
		75ACC1E41B48E83D001776AD /* Util */ = {
			isa = PBXGroup;
			children = (
			);
			path = Util;
			sourceTree = "<group>";
		};
		75ACC1E51B48EB5C001776AD /* AppDefine */ = {
			isa = PBXGroup;
			children = (
				75EC99131B492A0700A5388A /* Macros.h */,
			);
			path = AppDefine;
			sourceTree = "<group>";
		};
		75EC99321B4931AD00A5388A /* Controller */ = {
			isa = PBXGroup;
			children = (
			);
			path = Controller;
			sourceTree = "<group>";
		};
/* End PBXGroup section */

/* Begin PBXNativeTarget section */
		751707C51B4620F6007F1AE2 /* ShenHua */ = {
			isa = PBXNativeTarget;
			buildConfigurationList = 751707E91B4620F6007F1AE2 /* Build configuration list for PBXNativeTarget "ShenHua" */;
			buildPhases = (
				179FDA82E9E89C691D8813E2 /* Check Pods Manifest.lock */,
				751707C21B4620F6007F1AE2 /* Sources */,
				751707C31B4620F6007F1AE2 /* Frameworks */,
				751707C41B4620F6007F1AE2 /* Resources */,
				226D43AC1D3A7461738B11A4 /* Copy Pods Resources */,
			);
			buildRules = (
			);
			dependencies = (
			);
			name = ShenHua;
			productName = ShenHua;
			productReference = 751707C61B4620F6007F1AE2 /* ShenHua.app */;
			productType = "com.apple.product-type.application";
		};
		751707DE1B4620F6007F1AE2 /* ShenHuaTests */ = {
			isa = PBXNativeTarget;
			buildConfigurationList = 751707EC1B4620F6007F1AE2 /* Build configuration list for PBXNativeTarget "ShenHuaTests" */;
			buildPhases = (
				751707DB1B4620F6007F1AE2 /* Sources */,
				751707DC1B4620F6007F1AE2 /* Frameworks */,
				751707DD1B4620F6007F1AE2 /* Resources */,
			);
			buildRules = (
			);
			dependencies = (
				751707E11B4620F6007F1AE2 /* PBXTargetDependency */,
			);
			name = ShenHuaTests;
			productName = ShenHuaTests;
			productReference = 751707DF1B4620F6007F1AE2 /* ShenHuaTests.xctest */;
			productType = "com.apple.product-type.bundle.unit-test";
		};
/* End PBXNativeTarget section */

/* Begin PBXProject section */
		751707BE1B4620F6007F1AE2 /* Project object */ = {
			isa = PBXProject;
			attributes = {
				LastUpgradeCheck = 0620;
				ORGANIZATIONNAME = suzhiqiu;
				TargetAttributes = {
					751707C51B4620F6007F1AE2 = {
						CreatedOnToolsVersion = 6.2;
					};
					751707DE1B4620F6007F1AE2 = {
						CreatedOnToolsVersion = 6.2;
						TestTargetID = 751707C51B4620F6007F1AE2;
					};
				};
			};
			buildConfigurationList = 751707C11B4620F6007F1AE2 /* Build configuration list for PBXProject "ShenHua" */;
			compatibilityVersion = "Xcode 3.2";
			developmentRegion = English;
			hasScannedForEncodings = 0;
			knownRegions = (
				en,
				Base,
			);
			mainGroup = 751707BD1B4620F6007F1AE2;
			productRefGroup = 751707C71B4620F6007F1AE2 /* Products */;
			projectDirPath = "";
			projectRoot = "";
			targets = (
				751707C51B4620F6007F1AE2 /* ShenHua */,
				751707DE1B4620F6007F1AE2 /* ShenHuaTests */,
			);
		};
/* End PBXProject section */

/* Begin PBXResourcesBuildPhase section */
		751707C41B4620F6007F1AE2 /* Resources */ = {
			isa = PBXResourcesBuildPhase;
			buildActionMask = 2147483647;
			files = (
				751707D51B4620F6007F1AE2 /* Main.storyboard in Resources */,
				751707DA1B4620F6007F1AE2 /* LaunchScreen.xib in Resources */,
				751707D71B4620F6007F1AE2 /* Images.xcassets in Resources */,
			);
			runOnlyForDeploymentPostprocessing = 0;
		};
		751707DD1B4620F6007F1AE2 /* Resources */ = {
			isa = PBXResourcesBuildPhase;
			buildActionMask = 2147483647;
			files = (
			);
			runOnlyForDeploymentPostprocessing = 0;
		};
/* End PBXResourcesBuildPhase section */

/* Begin PBXShellScriptBuildPhase section */
		179FDA82E9E89C691D8813E2 /* Check Pods Manifest.lock */ = {
			isa = PBXShellScriptBuildPhase;
			buildActionMask = 2147483647;
			files = (
			);
			inputPaths = (
			);
			name = "Check Pods Manifest.lock";
			outputPaths = (
			);
			runOnlyForDeploymentPostprocessing = 0;
			shellPath = /bin/sh;
			shellScript = "diff \"${PODS_ROOT}/../Podfile.lock\" \"${PODS_ROOT}/Manifest.lock\" > /dev/null\nif [[ $? != 0 ]] ; then\n    cat << EOM\nerror: The sandbox is not in sync with the Podfile.lock. Run 'pod install' or update your CocoaPods installation.\nEOM\n    exit 1\nfi\n";
			showEnvVarsInLog = 0;
		};
		226D43AC1D3A7461738B11A4 /* Copy Pods Resources */ = {
			isa = PBXShellScriptBuildPhase;
			buildActionMask = 2147483647;
			files = (
			);
			inputPaths = (
			);
			name = "Copy Pods Resources";
			outputPaths = (
			);
			runOnlyForDeploymentPostprocessing = 0;
			shellPath = /bin/sh;
			shellScript = "\"${SRCROOT}/Pods/Target Support Files/Pods/Pods-resources.sh\"\n";
			showEnvVarsInLog = 0;
		};
/* End PBXShellScriptBuildPhase section */

/* Begin PBXSourcesBuildPhase section */
		751707C21B4620F6007F1AE2 /* Sources */ = {
			isa = PBXSourcesBuildPhase;
			buildActionMask = 2147483647;
			files = (
				75EC992B1B492EF400A5388A /* UIImageView+BCCategory.m in Sources */,
				751707D21B4620F6007F1AE2 /* ViewController.m in Sources */,
				75EC99191B492DF000A5388A /* UIView+BCCategory.m in Sources */,
				751707CF1B4620F6007F1AE2 /* AppDelegate.m in Sources */,
				75EC99161B492DD700A5388A /* NSObject+BCCategory.m in Sources */,
				75EC99281B492ECB00A5388A /* UITextField+BCCategory.m in Sources */,
				75EC991F1B492E1E00A5388A /* NSData+BCCategory.m in Sources */,
				75EC99251B492EA600A5388A /* UILabel+BCCategory.m in Sources */,
				75EC992E1B492F2800A5388A /* UIButton+BCCategory.m in Sources */,
				75EC991C1B492E0D00A5388A /* UIColor+BCCategory.m in Sources */,
				75EC99311B492F7700A5388A /* UIViewController+BCCategory.m in Sources */,
				75EC99221B492E3000A5388A /* NSString+BCCategory.m in Sources */,
				751707CC1B4620F6007F1AE2 /* main.m in Sources */,
			);
			runOnlyForDeploymentPostprocessing = 0;
		};
		751707DB1B4620F6007F1AE2 /* Sources */ = {
			isa = PBXSourcesBuildPhase;
			buildActionMask = 2147483647;
			files = (
				751707E61B4620F6007F1AE2 /* ShenHuaTests.m in Sources */,
			);
			runOnlyForDeploymentPostprocessing = 0;
		};
/* End PBXSourcesBuildPhase section */

/* Begin PBXTargetDependency section */
		751707E11B4620F6007F1AE2 /* PBXTargetDependency */ = {
			isa = PBXTargetDependency;
			target = 751707C51B4620F6007F1AE2 /* ShenHua */;
			targetProxy = 751707E01B4620F6007F1AE2 /* PBXContainerItemProxy */;
		};
/* End PBXTargetDependency section */

/* Begin PBXVariantGroup section */
		751707D31B4620F6007F1AE2 /* Main.storyboard */ = {
			isa = PBXVariantGroup;
			children = (
				751707D41B4620F6007F1AE2 /* Base */,
			);
			name = Main.storyboard;
			sourceTree = "<group>";
		};
		751707D81B4620F6007F1AE2 /* LaunchScreen.xib */ = {
			isa = PBXVariantGroup;
			children = (
				751707D91B4620F6007F1AE2 /* Base */,
			);
			name = LaunchScreen.xib;
			sourceTree = "<group>";
		};
/* End PBXVariantGroup section */

/* Begin XCBuildConfiguration section */
		751707E71B4620F6007F1AE2 /* Debug */ = {
			isa = XCBuildConfiguration;
			buildSettings = {
				ALWAYS_SEARCH_USER_PATHS = NO;
				CLANG_CXX_LANGUAGE_STANDARD = "gnu++0x";
				CLANG_CXX_LIBRARY = "libc++";
				CLANG_ENABLE_MODULES = YES;
				CLANG_ENABLE_OBJC_ARC = YES;
				CLANG_WARN_BOOL_CONVERSION = YES;
				CLANG_WARN_CONSTANT_CONVERSION = YES;
				CLANG_WARN_DIRECT_OBJC_ISA_USAGE = YES_ERROR;
				CLANG_WARN_EMPTY_BODY = YES;
				CLANG_WARN_ENUM_CONVERSION = YES;
				CLANG_WARN_INT_CONVERSION = YES;
				CLANG_WARN_OBJC_ROOT_CLASS = YES_ERROR;
				CLANG_WARN_UNREACHABLE_CODE = YES;
				CLANG_WARN__DUPLICATE_METHOD_MATCH = YES;
				"CODE_SIGN_IDENTITY[sdk=iphoneos*]" = "iPhone Developer";
				COPY_PHASE_STRIP = NO;
				ENABLE_STRICT_OBJC_MSGSEND = YES;
				GCC_C_LANGUAGE_STANDARD = gnu99;
				GCC_DYNAMIC_NO_PIC = NO;
				GCC_OPTIMIZATION_LEVEL = 0;
				GCC_PREPROCESSOR_DEFINITIONS = (
					"DEBUG=1",
					"$(inherited)",
				);
				GCC_SYMBOLS_PRIVATE_EXTERN = NO;
				GCC_WARN_64_TO_32_BIT_CONVERSION = YES;
				GCC_WARN_ABOUT_RETURN_TYPE = YES_ERROR;
				GCC_WARN_UNDECLARED_SELECTOR = YES;
				GCC_WARN_UNINITIALIZED_AUTOS = YES_AGGRESSIVE;
				GCC_WARN_UNUSED_FUNCTION = YES;
				GCC_WARN_UNUSED_VARIABLE = YES;
				IPHONEOS_DEPLOYMENT_TARGET = 8.2;
				MTL_ENABLE_DEBUG_INFO = YES;
				ONLY_ACTIVE_ARCH = YES;
				SDKROOT = iphoneos;
			};
			name = Debug;
		};
		751707E81B4620F6007F1AE2 /* Release */ = {
			isa = XCBuildConfiguration;
			buildSettings = {
				ALWAYS_SEARCH_USER_PATHS = NO;
				CLANG_CXX_LANGUAGE_STANDARD = "gnu++0x";
				CLANG_CXX_LIBRARY = "libc++";
				CLANG_ENABLE_MODULES = YES;
				CLANG_ENABLE_OBJC_ARC = YES;
				CLANG_WARN_BOOL_CONVERSION = YES;
				CLANG_WARN_CONSTANT_CONVERSION = YES;
				CLANG_WARN_DIRECT_OBJC_ISA_USAGE = YES_ERROR;
				CLANG_WARN_EMPTY_BODY = YES;
				CLANG_WARN_ENUM_CONVERSION = YES;
				CLANG_WARN_INT_CONVERSION = YES;
				CLANG_WARN_OBJC_ROOT_CLASS = YES_ERROR;
				CLANG_WARN_UNREACHABLE_CODE = YES;
				CLANG_WARN__DUPLICATE_METHOD_MATCH = YES;
				"CODE_SIGN_IDENTITY[sdk=iphoneos*]" = "iPhone Developer";
				COPY_PHASE_STRIP = NO;
				ENABLE_NS_ASSERTIONS = NO;
				ENABLE_STRICT_OBJC_MSGSEND = YES;
				GCC_C_LANGUAGE_STANDARD = gnu99;
				GCC_WARN_64_TO_32_BIT_CONVERSION = YES;
				GCC_WARN_ABOUT_RETURN_TYPE = YES_ERROR;
				GCC_WARN_UNDECLARED_SELECTOR = YES;
				GCC_WARN_UNINITIALIZED_AUTOS = YES_AGGRESSIVE;
				GCC_WARN_UNUSED_FUNCTION = YES;
				GCC_WARN_UNUSED_VARIABLE = YES;
				IPHONEOS_DEPLOYMENT_TARGET = 8.2;
				MTL_ENABLE_DEBUG_INFO = NO;
				SDKROOT = iphoneos;
				VALIDATE_PRODUCT = YES;
			};
			name = Release;
		};
		751707EA1B4620F6007F1AE2 /* Debug */ = {
			isa = XCBuildConfiguration;
			baseConfigurationReference = FF40F2B762C94D1AB987DB7B /* Pods.debug.xcconfig */;
			buildSettings = {
				ASSETCATALOG_COMPILER_APPICON_NAME = AppIcon;
				INFOPLIST_FILE = ShenHua/Info.plist;
				LD_RUNPATH_SEARCH_PATHS = "$(inherited) @executable_path/Frameworks";
				PRODUCT_NAME = "$(TARGET_NAME)";
				USER_HEADER_SEARCH_PATHS = "${SRCROOT}/**";
			};
			name = Debug;
		};
		751707EB1B4620F6007F1AE2 /* Release */ = {
			isa = XCBuildConfiguration;
			baseConfigurationReference = FF2375C13402A36ACF555359 /* Pods.release.xcconfig */;
			buildSettings = {
				ASSETCATALOG_COMPILER_APPICON_NAME = AppIcon;
				INFOPLIST_FILE = ShenHua/Info.plist;
				LD_RUNPATH_SEARCH_PATHS = "$(inherited) @executable_path/Frameworks";
				PRODUCT_NAME = "$(TARGET_NAME)";
				USER_HEADER_SEARCH_PATHS = "${SRCROOT}/**";
			};
			name = Release;
		};
		751707ED1B4620F6007F1AE2 /* Debug */ = {
			isa = XCBuildConfiguration;
			buildSettings = {
				BUNDLE_LOADER = "$(TEST_HOST)";
				FRAMEWORK_SEARCH_PATHS = (
					"$(SDKROOT)/Developer/Library/Frameworks",
					"$(inherited)",
				);
				GCC_PREPROCESSOR_DEFINITIONS = (
					"DEBUG=1",
					"$(inherited)",
				);
				INFOPLIST_FILE = ShenHuaTests/Info.plist;
				LD_RUNPATH_SEARCH_PATHS = "$(inherited) @executable_path/Frameworks @loader_path/Frameworks";
				PRODUCT_NAME = "$(TARGET_NAME)";
				TEST_HOST = "$(BUILT_PRODUCTS_DIR)/ShenHua.app/ShenHua";
			};
			name = Debug;
		};
		751707EE1B4620F6007F1AE2 /* Release */ = {
			isa = XCBuildConfiguration;
			buildSettings = {
				BUNDLE_LOADER = "$(TEST_HOST)";
				FRAMEWORK_SEARCH_PATHS = (
					"$(SDKROOT)/Developer/Library/Frameworks",
					"$(inherited)",
				);
				INFOPLIST_FILE = ShenHuaTests/Info.plist;
				LD_RUNPATH_SEARCH_PATHS = "$(inherited) @executable_path/Frameworks @loader_path/Frameworks";
				PRODUCT_NAME = "$(TARGET_NAME)";
				TEST_HOST = "$(BUILT_PRODUCTS_DIR)/ShenHua.app/ShenHua";
			};
			name = Release;
		};
/* End XCBuildConfiguration section */

/* Begin XCConfigurationList section */
		751707C11B4620F6007F1AE2 /* Build configuration list for PBXProject "ShenHua" */ = {
			isa = XCConfigurationList;
			buildConfigurations = (
				751707E71B4620F6007F1AE2 /* Debug */,
				751707E81B4620F6007F1AE2 /* Release */,
			);
			defaultConfigurationIsVisible = 0;
			defaultConfigurationName = Release;
		};
		751707E91B4620F6007F1AE2 /* Build configuration list for PBXNativeTarget "ShenHua" */ = {
			isa = XCConfigurationList;
			buildConfigurations = (
				751707EA1B4620F6007F1AE2 /* Debug */,
				751707EB1B4620F6007F1AE2 /* Release */,
			);
			defaultConfigurationIsVisible = 0;
			defaultConfigurationName = Release;
		};
		751707EC1B4620F6007F1AE2 /* Build configuration list for PBXNativeTarget "ShenHuaTests" */ = {
			isa = XCConfigurationList;
			buildConfigurations = (
				751707ED1B4620F6007F1AE2 /* Debug */,
				751707EE1B4620F6007F1AE2 /* Release */,
			);
			defaultConfigurationIsVisible = 0;
			defaultConfigurationName = Release;
		};
/* End XCConfigurationList section */
	};
	rootObject = 751707BE1B4620F6007F1AE2 /* Project object */;
}
