// !$*UTF8*$!
{
	archiveVersion = 1;
	classes = {
	};
	objectVersion = 46;
	objects = {

/* Begin PBXBuildFile section */
		751707CC1B4620F6007F1AE2 /* main.m in Sources */ = {isa = PBXBuildFile; fileRef = 751707CB1B4620F6007F1AE2 /* main.m */; };
		751707CF1B4620F6007F1AE2 /* AppDelegate.m in Sources */ = {isa = PBXBuildFile; fileRef = 751707CE1B4620F6007F1AE2 /* AppDelegate.m */; };
		751707D71B4620F6007F1AE2 /* Images.xcassets in Resources */ = {isa = PBXBuildFile; fileRef = 751707D61B4620F6007F1AE2 /* Images.xcassets */; };
		751707E61B4620F6007F1AE2 /* ShenHuaTests.m in Sources */ = {isa = PBXBuildFile; fileRef = 751707E51B4620F6007F1AE2 /* ShenHuaTests.m */; };
		7578B1261B4F6B8600CAFC40 /* CellModel.m in Sources */ = {isa = PBXBuildFile; fileRef = 7578B1251B4F6B8600CAFC40 /* CellModel.m */; };
		7582FBB11B4FA1CD00A3766B /* UIImage+BCCategory.m in Sources */ = {isa = PBXBuildFile; fileRef = 7582FBB01B4FA1CD00A3766B /* UIImage+BCCategory.m */; };
		7582FBB41B4FCC0400A3766B /* 微信-发现.jpg in Resources */ = {isa = PBXBuildFile; fileRef = 7582FBB31B4FCC0400A3766B /* 微信-发现.jpg */; };
		7582FBB81B4FCC5600A3766B /* WinXinFindVC.m in Sources */ = {isa = PBXBuildFile; fileRef = 7582FBB61B4FCC5600A3766B /* WinXinFindVC.m */; };
		7582FBB91B4FCC5600A3766B /* WinXinFindVC.xib in Resources */ = {isa = PBXBuildFile; fileRef = 7582FBB71B4FCC5600A3766B /* WinXinFindVC.xib */; };
		75D9A88C1B4E6C4500C4CB34 /* CacheManager.m in Sources */ = {isa = PBXBuildFile; fileRef = 75D9A88B1B4E6C4500C4CB34 /* CacheManager.m */; };
		75D9A88F1B4E70C600C4CB34 /* SDCache.m in Sources */ = {isa = PBXBuildFile; fileRef = 75D9A88E1B4E70C600C4CB34 /* SDCache.m */; };
		75DCFBEE1B4C11AC00CAA349 /* BaseViewController.m in Sources */ = {isa = PBXBuildFile; fileRef = 75DCFBED1B4C11AC00CAA349 /* BaseViewController.m */; };
		75DCFBF11B4C11CC00CAA349 /* BaseNavigationController.m in Sources */ = {isa = PBXBuildFile; fileRef = 75DCFBF01B4C11CC00CAA349 /* BaseNavigationController.m */; };
		75DCFBF41B4C11DF00CAA349 /* BaseTabBarController.m in Sources */ = {isa = PBXBuildFile; fileRef = 75DCFBF31B4C11DF00CAA349 /* BaseTabBarController.m */; };
		75DCFBFE1B4C130D00CAA349 /* OneVC.m in Sources */ = {isa = PBXBuildFile; fileRef = 75DCFBFC1B4C130D00CAA349 /* OneVC.m */; };
		75DCFBFF1B4C130D00CAA349 /* OneVC.xib in Resources */ = {isa = PBXBuildFile; fileRef = 75DCFBFD1B4C130D00CAA349 /* OneVC.xib */; };
		75DCFC031B4C137300CAA349 /* TwoVC.m in Sources */ = {isa = PBXBuildFile; fileRef = 75DCFC011B4C137300CAA349 /* TwoVC.m */; };
		75DCFC041B4C137300CAA349 /* TwoVC.xib in Resources */ = {isa = PBXBuildFile; fileRef = 75DCFC021B4C137300CAA349 /* TwoVC.xib */; };
		75DCFC081B4C13CC00CAA349 /* ThreeVC.m in Sources */ = {isa = PBXBuildFile; fileRef = 75DCFC061B4C13CC00CAA349 /* ThreeVC.m */; };
		75DCFC091B4C13CC00CAA349 /* ThreeVC.xib in Resources */ = {isa = PBXBuildFile; fileRef = 75DCFC071B4C13CC00CAA349 /* ThreeVC.xib */; };
		75DCFC0D1B4C145900CAA349 /* FourVC.m in Sources */ = {isa = PBXBuildFile; fileRef = 75DCFC0B1B4C145900CAA349 /* FourVC.m */; };
		75DCFC0E1B4C145900CAA349 /* FourVC.xib in Resources */ = {isa = PBXBuildFile; fileRef = 75DCFC0C1B4C145900CAA349 /* FourVC.xib */; };
		75DCFC121B4C14DD00CAA349 /* FiveVC.m in Sources */ = {isa = PBXBuildFile; fileRef = 75DCFC101B4C14DD00CAA349 /* FiveVC.m */; };
		75DCFC131B4C14DD00CAA349 /* FiveVC.xib in Resources */ = {isa = PBXBuildFile; fileRef = 75DCFC111B4C14DD00CAA349 /* FiveVC.xib */; };
		75DCFC231B4D1EBC00CAA349 /* TestViewController.m in Sources */ = {isa = PBXBuildFile; fileRef = 75DCFC211B4D1EBC00CAA349 /* TestViewController.m */; };
		75DCFC241B4D1EBC00CAA349 /* TestViewController.xib in Resources */ = {isa = PBXBuildFile; fileRef = 75DCFC221B4D1EBC00CAA349 /* TestViewController.xib */; };
		75DCFC291B4D740D00CAA349 /* Config.m in Sources */ = {isa = PBXBuildFile; fileRef = 75DCFC281B4D740D00CAA349 /* Config.m */; };
		75EC99161B492DD700A5388A /* NSObject+BCCategory.m in Sources */ = {isa = PBXBuildFile; fileRef = 75EC99151B492DD700A5388A /* NSObject+BCCategory.m */; };
		75EC99191B492DF000A5388A /* UIView+BCCategory.m in Sources */ = {isa = PBXBuildFile; fileRef = 75EC99181B492DF000A5388A /* UIView+BCCategory.m */; };
		75EC991C1B492E0D00A5388A /* UIColor+BCCategory.m in Sources */ = {isa = PBXBuildFile; fileRef = 75EC991B1B492E0D00A5388A /* UIColor+BCCategory.m */; };
		75EC991F1B492E1E00A5388A /* NSData+BCCategory.m in Sources */ = {isa = PBXBuildFile; fileRef = 75EC991E1B492E1E00A5388A /* NSData+BCCategory.m */; };
		75EC99221B492E3000A5388A /* NSString+BCCategory.m in Sources */ = {isa = PBXBuildFile; fileRef = 75EC99211B492E3000A5388A /* NSString+BCCategory.m */; };
		75EC99251B492EA600A5388A /* UILabel+BCCategory.m in Sources */ = {isa = PBXBuildFile; fileRef = 75EC99241B492EA600A5388A /* UILabel+BCCategory.m */; };
		75EC99281B492ECB00A5388A /* UITextField+BCCategory.m in Sources */ = {isa = PBXBuildFile; fileRef = 75EC99271B492ECB00A5388A /* UITextField+BCCategory.m */; };
		75EC992B1B492EF400A5388A /* UIImageView+BCCategory.m in Sources */ = {isa = PBXBuildFile; fileRef = 75EC992A1B492EF400A5388A /* UIImageView+BCCategory.m */; };
		75EC992E1B492F2800A5388A /* UIButton+BCCategory.m in Sources */ = {isa = PBXBuildFile; fileRef = 75EC992D1B492F2800A5388A /* UIButton+BCCategory.m */; };
		75EC99311B492F7700A5388A /* UIViewController+BCCategory.m in Sources */ = {isa = PBXBuildFile; fileRef = 75EC99301B492F7700A5388A /* UIViewController+BCCategory.m */; };
		B57E5921C7DEA14F505A3FDF /* libPods.a in Frameworks */ = {isa = PBXBuildFile; fileRef = 022C79FE5A370031290B2049 /* libPods.a */; };
/* End PBXBuildFile section */

/* Begin PBXContainerItemProxy section */
		751707E01B4620F6007F1AE2 /* PBXContainerItemProxy */ = {
			isa = PBXContainerItemProxy;
			containerPortal = 751707BE1B4620F6007F1AE2 /* Project object */;
			proxyType = 1;
			remoteGlobalIDString = 751707C51B4620F6007F1AE2;
			remoteInfo = ShenHua;
		};
/* End PBXContainerItemProxy section */

/* Begin PBXFileReference section */
		022C79FE5A370031290B2049 /* libPods.a */ = {isa = PBXFileReference; explicitFileType = archive.ar; includeInIndex = 0; path = libPods.a; sourceTree = BUILT_PRODUCTS_DIR; };
		751707C61B4620F6007F1AE2 /* ShenHua.app */ = {isa = PBXFileReference; explicitFileType = wrapper.application; includeInIndex = 0; path = ShenHua.app; sourceTree = BUILT_PRODUCTS_DIR; };
		751707CA1B4620F6007F1AE2 /* Info.plist */ = {isa = PBXFileReference; lastKnownFileType = text.plist.xml; path = Info.plist; sourceTree = "<group>"; };
		751707CB1B4620F6007F1AE2 /* main.m */ = {isa = PBXFileReference; lastKnownFileType = sourcecode.c.objc; path = main.m; sourceTree = "<group>"; };
		751707CD1B4620F6007F1AE2 /* AppDelegate.h */ = {isa = PBXFileReference; lastKnownFileType = sourcecode.c.h; path = AppDelegate.h; sourceTree = "<group>"; };
		751707CE1B4620F6007F1AE2 /* AppDelegate.m */ = {isa = PBXFileReference; lastKnownFileType = sourcecode.c.objc; path = AppDelegate.m; sourceTree = "<group>"; };
		751707D61B4620F6007F1AE2 /* Images.xcassets */ = {isa = PBXFileReference; lastKnownFileType = folder.assetcatalog; path = Images.xcassets; sourceTree = "<group>"; };
		751707DF1B4620F6007F1AE2 /* ShenHuaTests.xctest */ = {isa = PBXFileReference; explicitFileType = wrapper.cfbundle; includeInIndex = 0; path = ShenHuaTests.xctest; sourceTree = BUILT_PRODUCTS_DIR; };
		751707E41B4620F6007F1AE2 /* Info.plist */ = {isa = PBXFileReference; lastKnownFileType = text.plist.xml; path = Info.plist; sourceTree = "<group>"; };
		751707E51B4620F6007F1AE2 /* ShenHuaTests.m */ = {isa = PBXFileReference; lastKnownFileType = sourcecode.c.objc; path = ShenHuaTests.m; sourceTree = "<group>"; };
		7578B1241B4F6B8600CAFC40 /* CellModel.h */ = {isa = PBXFileReference; fileEncoding = 4; lastKnownFileType = sourcecode.c.h; path = CellModel.h; sourceTree = "<group>"; };
		7578B1251B4F6B8600CAFC40 /* CellModel.m */ = {isa = PBXFileReference; fileEncoding = 4; lastKnownFileType = sourcecode.c.objc; path = CellModel.m; sourceTree = "<group>"; };
		7582FBAF1B4FA1CD00A3766B /* UIImage+BCCategory.h */ = {isa = PBXFileReference; fileEncoding = 4; lastKnownFileType = sourcecode.c.h; path = "UIImage+BCCategory.h"; sourceTree = "<group>"; };
		7582FBB01B4FA1CD00A3766B /* UIImage+BCCategory.m */ = {isa = PBXFileReference; fileEncoding = 4; lastKnownFileType = sourcecode.c.objc; path = "UIImage+BCCategory.m"; sourceTree = "<group>"; };
		7582FBB31B4FCC0400A3766B /* 微信-发现.jpg */ = {isa = PBXFileReference; lastKnownFileType = image.jpeg; path = "微信-发现.jpg"; sourceTree = "<group>"; };
		7582FBB51B4FCC5600A3766B /* WinXinFindVC.h */ = {isa = PBXFileReference; fileEncoding = 4; lastKnownFileType = sourcecode.c.h; path = WinXinFindVC.h; sourceTree = "<group>"; };
		7582FBB61B4FCC5600A3766B /* WinXinFindVC.m */ = {isa = PBXFileReference; fileEncoding = 4; lastKnownFileType = sourcecode.c.objc; path = WinXinFindVC.m; sourceTree = "<group>"; };
		7582FBB71B4FCC5600A3766B /* WinXinFindVC.xib */ = {isa = PBXFileReference; fileEncoding = 4; lastKnownFileType = file.xib; path = WinXinFindVC.xib; sourceTree = "<group>"; };
		75D9A88A1B4E6C4500C4CB34 /* CacheManager.h */ = {isa = PBXFileReference; fileEncoding = 4; lastKnownFileType = sourcecode.c.h; path = CacheManager.h; sourceTree = "<group>"; };
		75D9A88B1B4E6C4500C4CB34 /* CacheManager.m */ = {isa = PBXFileReference; fileEncoding = 4; lastKnownFileType = sourcecode.c.objc; path = CacheManager.m; sourceTree = "<group>"; };
		75D9A88D1B4E70C600C4CB34 /* SDCache.h */ = {isa = PBXFileReference; fileEncoding = 4; lastKnownFileType = sourcecode.c.h; path = SDCache.h; sourceTree = "<group>"; };
		75D9A88E1B4E70C600C4CB34 /* SDCache.m */ = {isa = PBXFileReference; fileEncoding = 4; lastKnownFileType = sourcecode.c.objc; path = SDCache.m; sourceTree = "<group>"; };
		75D9A8901B4E966900C4CB34 /* ShenHua-Prefix.pch */ = {isa = PBXFileReference; lastKnownFileType = sourcecode.c.h; path = "ShenHua-Prefix.pch"; sourceTree = "<group>"; };
		75DCFBEC1B4C11AC00CAA349 /* BaseViewController.h */ = {isa = PBXFileReference; fileEncoding = 4; lastKnownFileType = sourcecode.c.h; path = BaseViewController.h; sourceTree = "<group>"; };
		75DCFBED1B4C11AC00CAA349 /* BaseViewController.m */ = {isa = PBXFileReference; fileEncoding = 4; lastKnownFileType = sourcecode.c.objc; path = BaseViewController.m; sourceTree = "<group>"; };
		75DCFBEF1B4C11CC00CAA349 /* BaseNavigationController.h */ = {isa = PBXFileReference; fileEncoding = 4; lastKnownFileType = sourcecode.c.h; path = BaseNavigationController.h; sourceTree = "<group>"; };
		75DCFBF01B4C11CC00CAA349 /* BaseNavigationController.m */ = {isa = PBXFileReference; fileEncoding = 4; lastKnownFileType = sourcecode.c.objc; path = BaseNavigationController.m; sourceTree = "<group>"; };
		75DCFBF21B4C11DF00CAA349 /* BaseTabBarController.h */ = {isa = PBXFileReference; fileEncoding = 4; lastKnownFileType = sourcecode.c.h; path = BaseTabBarController.h; sourceTree = "<group>"; };
		75DCFBF31B4C11DF00CAA349 /* BaseTabBarController.m */ = {isa = PBXFileReference; fileEncoding = 4; lastKnownFileType = sourcecode.c.objc; path = BaseTabBarController.m; sourceTree = "<group>"; };
		75DCFBFB1B4C130D00CAA349 /* OneVC.h */ = {isa = PBXFileReference; fileEncoding = 4; lastKnownFileType = sourcecode.c.h; path = OneVC.h; sourceTree = "<group>"; };
		75DCFBFC1B4C130D00CAA349 /* OneVC.m */ = {isa = PBXFileReference; fileEncoding = 4; lastKnownFileType = sourcecode.c.objc; path = OneVC.m; sourceTree = "<group>"; };
		75DCFBFD1B4C130D00CAA349 /* OneVC.xib */ = {isa = PBXFileReference; fileEncoding = 4; lastKnownFileType = file.xib; path = OneVC.xib; sourceTree = "<group>"; };
		75DCFC001B4C137300CAA349 /* TwoVC.h */ = {isa = PBXFileReference; fileEncoding = 4; lastKnownFileType = sourcecode.c.h; path = TwoVC.h; sourceTree = "<group>"; };
		75DCFC011B4C137300CAA349 /* TwoVC.m */ = {isa = PBXFileReference; fileEncoding = 4; lastKnownFileType = sourcecode.c.objc; path = TwoVC.m; sourceTree = "<group>"; };
		75DCFC021B4C137300CAA349 /* TwoVC.xib */ = {isa = PBXFileReference; fileEncoding = 4; lastKnownFileType = file.xib; path = TwoVC.xib; sourceTree = "<group>"; };
		75DCFC051B4C13CC00CAA349 /* ThreeVC.h */ = {isa = PBXFileReference; fileEncoding = 4; lastKnownFileType = sourcecode.c.h; path = ThreeVC.h; sourceTree = "<group>"; };
		75DCFC061B4C13CC00CAA349 /* ThreeVC.m */ = {isa = PBXFileReference; fileEncoding = 4; lastKnownFileType = sourcecode.c.objc; path = ThreeVC.m; sourceTree = "<group>"; };
		75DCFC071B4C13CC00CAA349 /* ThreeVC.xib */ = {isa = PBXFileReference; fileEncoding = 4; lastKnownFileType = file.xib; path = ThreeVC.xib; sourceTree = "<group>"; };
		75DCFC0A1B4C145900CAA349 /* FourVC.h */ = {isa = PBXFileReference; fileEncoding = 4; lastKnownFileType = sourcecode.c.h; path = FourVC.h; sourceTree = "<group>"; };
		75DCFC0B1B4C145900CAA349 /* FourVC.m */ = {isa = PBXFileReference; fileEncoding = 4; lastKnownFileType = sourcecode.c.objc; path = FourVC.m; sourceTree = "<group>"; };
		75DCFC0C1B4C145900CAA349 /* FourVC.xib */ = {isa = PBXFileReference; fileEncoding = 4; lastKnownFileType = file.xib; path = FourVC.xib; sourceTree = "<group>"; };
		75DCFC0F1B4C14DD00CAA349 /* FiveVC.h */ = {isa = PBXFileReference; fileEncoding = 4; lastKnownFileType = sourcecode.c.h; path = FiveVC.h; sourceTree = "<group>"; };
		75DCFC101B4C14DD00CAA349 /* FiveVC.m */ = {isa = PBXFileReference; fileEncoding = 4; lastKnownFileType = sourcecode.c.objc; path = FiveVC.m; sourceTree = "<group>"; };
		75DCFC111B4C14DD00CAA349 /* FiveVC.xib */ = {isa = PBXFileReference; fileEncoding = 4; lastKnownFileType = file.xib; path = FiveVC.xib; sourceTree = "<group>"; };
		75DCFC201B4D1EBC00CAA349 /* TestViewController.h */ = {isa = PBXFileReference; fileEncoding = 4; lastKnownFileType = sourcecode.c.h; path = TestViewController.h; sourceTree = "<group>"; };
		75DCFC211B4D1EBC00CAA349 /* TestViewController.m */ = {isa = PBXFileReference; fileEncoding = 4; lastKnownFileType = sourcecode.c.objc; path = TestViewController.m; sourceTree = "<group>"; };
		75DCFC221B4D1EBC00CAA349 /* TestViewController.xib */ = {isa = PBXFileReference; fileEncoding = 4; lastKnownFileType = file.xib; path = TestViewController.xib; sourceTree = "<group>"; };
		75DCFC271B4D740D00CAA349 /* Config.h */ = {isa = PBXFileReference; fileEncoding = 4; lastKnownFileType = sourcecode.c.h; path = Config.h; sourceTree = "<group>"; };
		75DCFC281B4D740D00CAA349 /* Config.m */ = {isa = PBXFileReference; fileEncoding = 4; lastKnownFileType = sourcecode.c.objc; path = Config.m; sourceTree = "<group>"; };
		75EC99121B49296200A5388A /* BCCategory.h */ = {isa = PBXFileReference; lastKnownFileType = sourcecode.c.h; path = BCCategory.h; sourceTree = "<group>"; };
		75EC99131B492A0700A5388A /* Macros.h */ = {isa = PBXFileReference; lastKnownFileType = sourcecode.c.h; path = Macros.h; sourceTree = "<group>"; };
		75EC99141B492DD700A5388A /* NSObject+BCCategory.h */ = {isa = PBXFileReference; fileEncoding = 4; lastKnownFileType = sourcecode.c.h; path = "NSObject+BCCategory.h"; sourceTree = "<group>"; };
		75EC99151B492DD700A5388A /* NSObject+BCCategory.m */ = {isa = PBXFileReference; fileEncoding = 4; lastKnownFileType = sourcecode.c.objc; path = "NSObject+BCCategory.m"; sourceTree = "<group>"; };
		75EC99171B492DF000A5388A /* UIView+BCCategory.h */ = {isa = PBXFileReference; fileEncoding = 4; lastKnownFileType = sourcecode.c.h; path = "UIView+BCCategory.h"; sourceTree = "<group>"; };
		75EC99181B492DF000A5388A /* UIView+BCCategory.m */ = {isa = PBXFileReference; fileEncoding = 4; lastKnownFileType = sourcecode.c.objc; path = "UIView+BCCategory.m"; sourceTree = "<group>"; };
		75EC991A1B492E0D00A5388A /* UIColor+BCCategory.h */ = {isa = PBXFileReference; fileEncoding = 4; lastKnownFileType = sourcecode.c.h; path = "UIColor+BCCategory.h"; sourceTree = "<group>"; };
		75EC991B1B492E0D00A5388A /* UIColor+BCCategory.m */ = {isa = PBXFileReference; fileEncoding = 4; lastKnownFileType = sourcecode.c.objc; path = "UIColor+BCCategory.m"; sourceTree = "<group>"; };
		75EC991D1B492E1E00A5388A /* NSData+BCCategory.h */ = {isa = PBXFileReference; fileEncoding = 4; lastKnownFileType = sourcecode.c.h; path = "NSData+BCCategory.h"; sourceTree = "<group>"; };
		75EC991E1B492E1E00A5388A /* NSData+BCCategory.m */ = {isa = PBXFileReference; fileEncoding = 4; lastKnownFileType = sourcecode.c.objc; path = "NSData+BCCategory.m"; sourceTree = "<group>"; };
		75EC99201B492E3000A5388A /* NSString+BCCategory.h */ = {isa = PBXFileReference; fileEncoding = 4; lastKnownFileType = sourcecode.c.h; path = "NSString+BCCategory.h"; sourceTree = "<group>"; };
		75EC99211B492E3000A5388A /* NSString+BCCategory.m */ = {isa = PBXFileReference; fileEncoding = 4; lastKnownFileType = sourcecode.c.objc; path = "NSString+BCCategory.m"; sourceTree = "<group>"; };
		75EC99231B492EA600A5388A /* UILabel+BCCategory.h */ = {isa = PBXFileReference; fileEncoding = 4; lastKnownFileType = sourcecode.c.h; path = "UILabel+BCCategory.h"; sourceTree = "<group>"; };
		75EC99241B492EA600A5388A /* UILabel+BCCategory.m */ = {isa = PBXFileReference; fileEncoding = 4; lastKnownFileType = sourcecode.c.objc; path = "UILabel+BCCategory.m"; sourceTree = "<group>"; };
		75EC99261B492ECB00A5388A /* UITextField+BCCategory.h */ = {isa = PBXFileReference; fileEncoding = 4; lastKnownFileType = sourcecode.c.h; path = "UITextField+BCCategory.h"; sourceTree = "<group>"; };
		75EC99271B492ECB00A5388A /* UITextField+BCCategory.m */ = {isa = PBXFileReference; fileEncoding = 4; lastKnownFileType = sourcecode.c.objc; path = "UITextField+BCCategory.m"; sourceTree = "<group>"; };
		75EC99291B492EF400A5388A /* UIImageView+BCCategory.h */ = {isa = PBXFileReference; fileEncoding = 4; lastKnownFileType = sourcecode.c.h; path = "UIImageView+BCCategory.h"; sourceTree = "<group>"; };
		75EC992A1B492EF400A5388A /* UIImageView+BCCategory.m */ = {isa = PBXFileReference; fileEncoding = 4; lastKnownFileType = sourcecode.c.objc; path = "UIImageView+BCCategory.m"; sourceTree = "<group>"; };
		75EC992C1B492F2800A5388A /* UIButton+BCCategory.h */ = {isa = PBXFileReference; fileEncoding = 4; lastKnownFileType = sourcecode.c.h; path = "UIButton+BCCategory.h"; sourceTree = "<group>"; };
		75EC992D1B492F2800A5388A /* UIButton+BCCategory.m */ = {isa = PBXFileReference; fileEncoding = 4; lastKnownFileType = sourcecode.c.objc; path = "UIButton+BCCategory.m"; sourceTree = "<group>"; };
		75EC992F1B492F7700A5388A /* UIViewController+BCCategory.h */ = {isa = PBXFileReference; fileEncoding = 4; lastKnownFileType = sourcecode.c.h; path = "UIViewController+BCCategory.h"; sourceTree = "<group>"; };
		75EC99301B492F7700A5388A /* UIViewController+BCCategory.m */ = {isa = PBXFileReference; fileEncoding = 4; lastKnownFileType = sourcecode.c.objc; path = "UIViewController+BCCategory.m"; sourceTree = "<group>"; };
		FF2375C13402A36ACF555359 /* Pods.release.xcconfig */ = {isa = PBXFileReference; includeInIndex = 1; lastKnownFileType = text.xcconfig; name = Pods.release.xcconfig; path = "Pods/Target Support Files/Pods/Pods.release.xcconfig"; sourceTree = "<group>"; };
		FF40F2B762C94D1AB987DB7B /* Pods.debug.xcconfig */ = {isa = PBXFileReference; includeInIndex = 1; lastKnownFileType = text.xcconfig; name = Pods.debug.xcconfig; path = "Pods/Target Support Files/Pods/Pods.debug.xcconfig"; sourceTree = "<group>"; };
/* End PBXFileReference section */

/* Begin PBXFrameworksBuildPhase section */
		751707C31B4620F6007F1AE2 /* Frameworks */ = {
			isa = PBXFrameworksBuildPhase;
			buildActionMask = 2147483647;
			files = (
				B57E5921C7DEA14F505A3FDF /* libPods.a in Frameworks */,
			);
			runOnlyForDeploymentPostprocessing = 0;
		};
		751707DC1B4620F6007F1AE2 /* Frameworks */ = {
			isa = PBXFrameworksBuildPhase;
			buildActionMask = 2147483647;
			files = (
			);
			runOnlyForDeploymentPostprocessing = 0;
		};
/* End PBXFrameworksBuildPhase section */

/* Begin PBXGroup section */
		067A2E9AD234C8F02670B117 /* Pods */ = {
			isa = PBXGroup;
			children = (
				FF40F2B762C94D1AB987DB7B /* Pods.debug.xcconfig */,
				FF2375C13402A36ACF555359 /* Pods.release.xcconfig */,
			);
			name = Pods;
			sourceTree = "<group>";
		};
		401A1A27434E8D584D1110B3 /* Frameworks */ = {
			isa = PBXGroup;
			children = (
				022C79FE5A370031290B2049 /* libPods.a */,
			);
			name = Frameworks;
			sourceTree = "<group>";
		};
		751707BD1B4620F6007F1AE2 = {
			isa = PBXGroup;
			children = (
				751707C81B4620F6007F1AE2 /* ShenHua */,
				751707E21B4620F6007F1AE2 /* ShenHuaTests */,
				751707C71B4620F6007F1AE2 /* Products */,
				067A2E9AD234C8F02670B117 /* Pods */,
				401A1A27434E8D584D1110B3 /* Frameworks */,
			);
			sourceTree = "<group>";
		};
		751707C71B4620F6007F1AE2 /* Products */ = {
			isa = PBXGroup;
			children = (
				751707C61B4620F6007F1AE2 /* ShenHua.app */,
				751707DF1B4620F6007F1AE2 /* ShenHuaTests.xctest */,
			);
			name = Products;
			sourceTree = "<group>";
		};
		751707C81B4620F6007F1AE2 /* ShenHua */ = {
			isa = PBXGroup;
			children = (
				75DCFC261B4D740000CAA349 /* Factory */,
				75DCFC1F1B4D1EBC00CAA349 /* Know */,
				75DCFBF51B4C121200CAA349 /* Application */,
				75DCFBEB1B4C116D00CAA349 /* Base */,
				75EC99321B4931AD00A5388A /* Controller */,
				75ACC1E51B48EB5C001776AD /* AppDefine */,
				75ACC1E41B48E83D001776AD /* Util */,
				75ACC1E31B48E7A3001776AD /* Database */,
				75ACC1E21B48E73E001776AD /* Network */,
				75ACC1E11B48E6AC001776AD /* Category */,
				75ACC1E01B48E666001776AD /* Model */,
				751707D61B4620F6007F1AE2 /* Images.xcassets */,
				751707C91B4620F6007F1AE2 /* Supporting Files */,
			);
			path = ShenHua;
			sourceTree = "<group>";
		};
		751707C91B4620F6007F1AE2 /* Supporting Files */ = {
			isa = PBXGroup;
			children = (
				75D9A8901B4E966900C4CB34 /* ShenHua-Prefix.pch */,
				751707CA1B4620F6007F1AE2 /* Info.plist */,
				751707CB1B4620F6007F1AE2 /* main.m */,
			);
			name = "Supporting Files";
			sourceTree = "<group>";
		};
		751707E21B4620F6007F1AE2 /* ShenHuaTests */ = {
			isa = PBXGroup;
			children = (
				751707E51B4620F6007F1AE2 /* ShenHuaTests.m */,
				751707E31B4620F6007F1AE2 /* Supporting Files */,
			);
			path = ShenHuaTests;
			sourceTree = "<group>";
		};
		751707E31B4620F6007F1AE2 /* Supporting Files */ = {
			isa = PBXGroup;
			children = (
				751707E41B4620F6007F1AE2 /* Info.plist */,
			);
			name = "Supporting Files";
			sourceTree = "<group>";
		};
		7582FBB21B4FBFAD00A3766B /* weixin */ = {
			isa = PBXGroup;
			children = (
				7582FBB51B4FCC5600A3766B /* WinXinFindVC.h */,
				7582FBB61B4FCC5600A3766B /* WinXinFindVC.m */,
				7582FBB71B4FCC5600A3766B /* WinXinFindVC.xib */,
				7582FBB31B4FCC0400A3766B /* 微信-发现.jpg */,
			);
			path = weixin;
			sourceTree = "<group>";
		};
		7582FBBA1B4FD4F500A3766B /* login */ = {
			isa = PBXGroup;
			children = (
			);
			path = login;
			sourceTree = "<group>";
		};
		75ACC1E01B48E666001776AD /* Model */ = {
			isa = PBXGroup;
			children = (
			);
			path = Model;
			sourceTree = "<group>";
		};
		75ACC1E11B48E6AC001776AD /* Category */ = {
			isa = PBXGroup;
			children = (
				75EC99121B49296200A5388A /* BCCategory.h */,
				75EC99141B492DD700A5388A /* NSObject+BCCategory.h */,
				75EC99151B492DD700A5388A /* NSObject+BCCategory.m */,
				75EC99171B492DF000A5388A /* UIView+BCCategory.h */,
				75EC99181B492DF000A5388A /* UIView+BCCategory.m */,
				75EC991A1B492E0D00A5388A /* UIColor+BCCategory.h */,
				75EC991B1B492E0D00A5388A /* UIColor+BCCategory.m */,
				75EC991D1B492E1E00A5388A /* NSData+BCCategory.h */,
				75EC991E1B492E1E00A5388A /* NSData+BCCategory.m */,
				75EC99201B492E3000A5388A /* NSString+BCCategory.h */,
				75EC99211B492E3000A5388A /* NSString+BCCategory.m */,
				75EC99231B492EA600A5388A /* UILabel+BCCategory.h */,
				75EC99241B492EA600A5388A /* UILabel+BCCategory.m */,
				75EC99261B492ECB00A5388A /* UITextField+BCCategory.h */,
				75EC99271B492ECB00A5388A /* UITextField+BCCategory.m */,
				75EC99291B492EF400A5388A /* UIImageView+BCCategory.h */,
				75EC992A1B492EF400A5388A /* UIImageView+BCCategory.m */,
				75EC992C1B492F2800A5388A /* UIButton+BCCategory.h */,
				75EC992D1B492F2800A5388A /* UIButton+BCCategory.m */,
				75EC992F1B492F7700A5388A /* UIViewController+BCCategory.h */,
				75EC99301B492F7700A5388A /* UIViewController+BCCategory.m */,
				7582FBAF1B4FA1CD00A3766B /* UIImage+BCCategory.h */,
				7582FBB01B4FA1CD00A3766B /* UIImage+BCCategory.m */,
			);
			path = Category;
			sourceTree = "<group>";
		};
		75ACC1E21B48E73E001776AD /* Network */ = {
			isa = PBXGroup;
			children = (
			);
			path = Network;
			sourceTree = "<group>";
		};
		75ACC1E31B48E7A3001776AD /* Database */ = {
			isa = PBXGroup;
			children = (
				75D9A88A1B4E6C4500C4CB34 /* CacheManager.h */,
				75D9A88B1B4E6C4500C4CB34 /* CacheManager.m */,
				75D9A88D1B4E70C600C4CB34 /* SDCache.h */,
				75D9A88E1B4E70C600C4CB34 /* SDCache.m */,
			);
			path = Database;
			sourceTree = "<group>";
		};
		75ACC1E41B48E83D001776AD /* Util */ = {
			isa = PBXGroup;
			children = (
			);
			path = Util;
			sourceTree = "<group>";
		};
		75ACC1E51B48EB5C001776AD /* AppDefine */ = {
			isa = PBXGroup;
			children = (
				75EC99131B492A0700A5388A /* Macros.h */,
			);
			path = AppDefine;
			sourceTree = "<group>";
		};
		75DCFBEB1B4C116D00CAA349 /* Base */ = {
			isa = PBXGroup;
			children = (
				75DCFBEC1B4C11AC00CAA349 /* BaseViewController.h */,
				75DCFBED1B4C11AC00CAA349 /* BaseViewController.m */,
				75DCFBEF1B4C11CC00CAA349 /* BaseNavigationController.h */,
				75DCFBF01B4C11CC00CAA349 /* BaseNavigationController.m */,
				75DCFBF21B4C11DF00CAA349 /* BaseTabBarController.h */,
				75DCFBF31B4C11DF00CAA349 /* BaseTabBarController.m */,
				7578B1241B4F6B8600CAFC40 /* CellModel.h */,
				7578B1251B4F6B8600CAFC40 /* CellModel.m */,
			);
			path = Base;
			sourceTree = "<group>";
		};
		75DCFBF51B4C121200CAA349 /* Application */ = {
			isa = PBXGroup;
			children = (
				751707CD1B4620F6007F1AE2 /* AppDelegate.h */,
				751707CE1B4620F6007F1AE2 /* AppDelegate.m */,
			);
			name = Application;
			sourceTree = "<group>";
		};
		75DCFBF61B4C12DD00CAA349 /* five */ = {
			isa = PBXGroup;
			children = (
				7582FBB21B4FBFAD00A3766B /* weixin */,
				75DCFC0F1B4C14DD00CAA349 /* FiveVC.h */,
				75DCFC101B4C14DD00CAA349 /* FiveVC.m */,
				75DCFC111B4C14DD00CAA349 /* FiveVC.xib */,
			);
			path = five;
			sourceTree = "<group>";
		};
		75DCFBF71B4C12DD00CAA349 /* four */ = {
			isa = PBXGroup;
			children = (
				75DCFC0A1B4C145900CAA349 /* FourVC.h */,
				75DCFC0B1B4C145900CAA349 /* FourVC.m */,
				75DCFC0C1B4C145900CAA349 /* FourVC.xib */,
			);
			path = four;
			sourceTree = "<group>";
		};
		75DCFBF81B4C12DD00CAA349 /* one */ = {
			isa = PBXGroup;
			children = (
				75DCFBFB1B4C130D00CAA349 /* OneVC.h */,
				75DCFBFC1B4C130D00CAA349 /* OneVC.m */,
				75DCFBFD1B4C130D00CAA349 /* OneVC.xib */,
			);
			path = one;
			sourceTree = "<group>";
		};
		75DCFBF91B4C12DD00CAA349 /* three */ = {
			isa = PBXGroup;
			children = (
				75DCFC051B4C13CC00CAA349 /* ThreeVC.h */,
				75DCFC061B4C13CC00CAA349 /* ThreeVC.m */,
				75DCFC071B4C13CC00CAA349 /* ThreeVC.xib */,
			);
			path = three;
			sourceTree = "<group>";
		};
		75DCFBFA1B4C12DD00CAA349 /* two */ = {
			isa = PBXGroup;
			children = (
				75DCFC001B4C137300CAA349 /* TwoVC.h */,
				75DCFC011B4C137300CAA349 /* TwoVC.m */,
				75DCFC021B4C137300CAA349 /* TwoVC.xib */,
			);
			path = two;
			sourceTree = "<group>";
		};
		75DCFC1F1B4D1EBC00CAA349 /* Know */ = {
			isa = PBXGroup;
			children = (
				75DCFC201B4D1EBC00CAA349 /* TestViewController.h */,
				75DCFC211B4D1EBC00CAA349 /* TestViewController.m */,
				75DCFC221B4D1EBC00CAA349 /* TestViewController.xib */,
			);
			path = Know;
			sourceTree = "<group>";
		};
		75DCFC261B4D740000CAA349 /* Factory */ = {
			isa = PBXGroup;
			children = (
				75DCFC271B4D740D00CAA349 /* Config.h */,
				75DCFC281B4D740D00CAA349 /* Config.m */,
			);
			path = Factory;
			sourceTree = "<group>";
		};
		75EC99321B4931AD00A5388A /* Controller */ = {
			isa = PBXGroup;
			children = (
				7582FBBA1B4FD4F500A3766B /* login */,
				75DCFBF61B4C12DD00CAA349 /* five */,
				75DCFBF71B4C12DD00CAA349 /* four */,
				75DCFBF81B4C12DD00CAA349 /* one */,
				75DCFBF91B4C12DD00CAA349 /* three */,
				75DCFBFA1B4C12DD00CAA349 /* two */,
			);
			path = Controller;
			sourceTree = "<group>";
		};
/* End PBXGroup section */

/* Begin PBXNativeTarget section */
		751707C51B4620F6007F1AE2 /* ShenHua */ = {
			isa = PBXNativeTarget;
			buildConfigurationList = 751707E91B4620F6007F1AE2 /* Build configuration list for PBXNativeTarget "ShenHua" */;
			buildPhases = (
				179FDA82E9E89C691D8813E2 /* Check Pods Manifest.lock */,
				751707C21B4620F6007F1AE2 /* Sources */,
				751707C31B4620F6007F1AE2 /* Frameworks */,
				751707C41B4620F6007F1AE2 /* Resources */,
				226D43AC1D3A7461738B11A4 /* Copy Pods Resources */,
			);
			buildRules = (
			);
			dependencies = (
			);
			name = ShenHua;
			productName = ShenHua;
			productReference = 751707C61B4620F6007F1AE2 /* ShenHua.app */;
			productType = "com.apple.product-type.application";
		};
		751707DE1B4620F6007F1AE2 /* ShenHuaTests */ = {
			isa = PBXNativeTarget;
			buildConfigurationList = 751707EC1B4620F6007F1AE2 /* Build configuration list for PBXNativeTarget "ShenHuaTests" */;
			buildPhases = (
				751707DB1B4620F6007F1AE2 /* Sources */,
				751707DC1B4620F6007F1AE2 /* Frameworks */,
				751707DD1B4620F6007F1AE2 /* Resources */,
			);
			buildRules = (
			);
			dependencies = (
				751707E11B4620F6007F1AE2 /* PBXTargetDependency */,
			);
			name = ShenHuaTests;
			productName = ShenHuaTests;
			productReference = 751707DF1B4620F6007F1AE2 /* ShenHuaTests.xctest */;
			productType = "com.apple.product-type.bundle.unit-test";
		};
/* End PBXNativeTarget section */

/* Begin PBXProject section */
		751707BE1B4620F6007F1AE2 /* Project object */ = {
			isa = PBXProject;
			attributes = {
				LastUpgradeCheck = 0620;
				ORGANIZATIONNAME = suzhiqiu;
				TargetAttributes = {
					751707C51B4620F6007F1AE2 = {
						CreatedOnToolsVersion = 6.2;
					};
					751707DE1B4620F6007F1AE2 = {
						CreatedOnToolsVersion = 6.2;
						TestTargetID = 751707C51B4620F6007F1AE2;
					};
				};
			};
			buildConfigurationList = 751707C11B4620F6007F1AE2 /* Build configuration list for PBXProject "ShenHua" */;
			compatibilityVersion = "Xcode 3.2";
			developmentRegion = English;
			hasScannedForEncodings = 0;
			knownRegions = (
				en,
				Base,
			);
			mainGroup = 751707BD1B4620F6007F1AE2;
			productRefGroup = 751707C71B4620F6007F1AE2 /* Products */;
			projectDirPath = "";
			projectRoot = "";
			targets = (
				751707C51B4620F6007F1AE2 /* ShenHua */,
				751707DE1B4620F6007F1AE2 /* ShenHuaTests */,
			);
		};
/* End PBXProject section */

/* Begin PBXResourcesBuildPhase section */
		751707C41B4620F6007F1AE2 /* Resources */ = {
			isa = PBXResourcesBuildPhase;
			buildActionMask = 2147483647;
			files = (
				75DCFC041B4C137300CAA349 /* TwoVC.xib in Resources */,
				75DCFC0E1B4C145900CAA349 /* FourVC.xib in Resources */,
				75DCFBFF1B4C130D00CAA349 /* OneVC.xib in Resources */,
				75DCFC241B4D1EBC00CAA349 /* TestViewController.xib in Resources */,
				751707D71B4620F6007F1AE2 /* Images.xcassets in Resources */,
				7582FBB41B4FCC0400A3766B /* 微信-发现.jpg in Resources */,
				75DCFC131B4C14DD00CAA349 /* FiveVC.xib in Resources */,
				7582FBB91B4FCC5600A3766B /* WinXinFindVC.xib in Resources */,
				75DCFC091B4C13CC00CAA349 /* ThreeVC.xib in Resources */,
			);
			runOnlyForDeploymentPostprocessing = 0;
		};
		751707DD1B4620F6007F1AE2 /* Resources */ = {
			isa = PBXResourcesBuildPhase;
			buildActionMask = 2147483647;
			files = (
			);
			runOnlyForDeploymentPostprocessing = 0;
		};
/* End PBXResourcesBuildPhase section */

/* Begin PBXShellScriptBuildPhase section */
		179FDA82E9E89C691D8813E2 /* Check Pods Manifest.lock */ = {
			isa = PBXShellScriptBuildPhase;
			buildActionMask = 2147483647;
			files = (
			);
			inputPaths = (
			);
			name = "Check Pods Manifest.lock";
			outputPaths = (
			);
			runOnlyForDeploymentPostprocessing = 0;
			shellPath = /bin/sh;
			shellScript = "diff \"${PODS_ROOT}/../Podfile.lock\" \"${PODS_ROOT}/Manifest.lock\" > /dev/null\nif [[ $? != 0 ]] ; then\n    cat << EOM\nerror: The sandbox is not in sync with the Podfile.lock. Run 'pod install' or update your CocoaPods installation.\nEOM\n    exit 1\nfi\n";
			showEnvVarsInLog = 0;
		};
		226D43AC1D3A7461738B11A4 /* Copy Pods Resources */ = {
			isa = PBXShellScriptBuildPhase;
			buildActionMask = 2147483647;
			files = (
			);
			inputPaths = (
			);
			name = "Copy Pods Resources";
			outputPaths = (
			);
			runOnlyForDeploymentPostprocessing = 0;
			shellPath = /bin/sh;
			shellScript = "\"${SRCROOT}/Pods/Target Support Files/Pods/Pods-resources.sh\"\n";
			showEnvVarsInLog = 0;
		};
/* End PBXShellScriptBuildPhase section */

/* Begin PBXSourcesBuildPhase section */
		751707C21B4620F6007F1AE2 /* Sources */ = {
			isa = PBXSourcesBuildPhase;
			buildActionMask = 2147483647;
			files = (
				75DCFBFE1B4C130D00CAA349 /* OneVC.m in Sources */,
				75EC992B1B492EF400A5388A /* UIImageView+BCCategory.m in Sources */,
				75EC99191B492DF000A5388A /* UIView+BCCategory.m in Sources */,
				751707CF1B4620F6007F1AE2 /* AppDelegate.m in Sources */,
				75EC99161B492DD700A5388A /* NSObject+BCCategory.m in Sources */,
				75DCFBEE1B4C11AC00CAA349 /* BaseViewController.m in Sources */,
				75DCFBF41B4C11DF00CAA349 /* BaseTabBarController.m in Sources */,
				75DCFC0D1B4C145900CAA349 /* FourVC.m in Sources */,
				75EC99281B492ECB00A5388A /* UITextField+BCCategory.m in Sources */,
				75DCFC031B4C137300CAA349 /* TwoVC.m in Sources */,
				75D9A88C1B4E6C4500C4CB34 /* CacheManager.m in Sources */,
				75EC991F1B492E1E00A5388A /* NSData+BCCategory.m in Sources */,
				75DCFC081B4C13CC00CAA349 /* ThreeVC.m in Sources */,
				75EC99251B492EA600A5388A /* UILabel+BCCategory.m in Sources */,
				75EC992E1B492F2800A5388A /* UIButton+BCCategory.m in Sources */,
				75D9A88F1B4E70C600C4CB34 /* SDCache.m in Sources */,
				75EC991C1B492E0D00A5388A /* UIColor+BCCategory.m in Sources */,
				75EC99311B492F7700A5388A /* UIViewController+BCCategory.m in Sources */,
				7578B1261B4F6B8600CAFC40 /* CellModel.m in Sources */,
				75EC99221B492E3000A5388A /* NSString+BCCategory.m in Sources */,
				75DCFC231B4D1EBC00CAA349 /* TestViewController.m in Sources */,
				7582FBB81B4FCC5600A3766B /* WinXinFindVC.m in Sources */,
				75DCFC121B4C14DD00CAA349 /* FiveVC.m in Sources */,
				75DCFC291B4D740D00CAA349 /* Config.m in Sources */,
				751707CC1B4620F6007F1AE2 /* main.m in Sources */,
				75DCFBF11B4C11CC00CAA349 /* BaseNavigationController.m in Sources */,
				7582FBB11B4FA1CD00A3766B /* UIImage+BCCategory.m in Sources */,
			);
			runOnlyForDeploymentPostprocessing = 0;
		};
		751707DB1B4620F6007F1AE2 /* Sources */ = {
			isa = PBXSourcesBuildPhase;
			buildActionMask = 2147483647;
			files = (
				751707E61B4620F6007F1AE2 /* ShenHuaTests.m in Sources */,
			);
			runOnlyForDeploymentPostprocessing = 0;
		};
/* End PBXSourcesBuildPhase section */

/* Begin PBXTargetDependency section */
		751707E11B4620F6007F1AE2 /* PBXTargetDependency */ = {
			isa = PBXTargetDependency;
			target = 751707C51B4620F6007F1AE2 /* ShenHua */;
			targetProxy = 751707E01B4620F6007F1AE2 /* PBXContainerItemProxy */;
		};
/* End PBXTargetDependency section */

/* Begin XCBuildConfiguration section */
		751707E71B4620F6007F1AE2 /* Debug */ = {
			isa = XCBuildConfiguration;
			buildSettings = {
				ALWAYS_SEARCH_USER_PATHS = NO;
				CLANG_CXX_LANGUAGE_STANDARD = "gnu++0x";
				CLANG_CXX_LIBRARY = "libc++";
				CLANG_ENABLE_MODULES = YES;
				CLANG_ENABLE_OBJC_ARC = YES;
				CLANG_WARN_BOOL_CONVERSION = YES;
				CLANG_WARN_CONSTANT_CONVERSION = YES;
				CLANG_WARN_DIRECT_OBJC_ISA_USAGE = YES_ERROR;
				CLANG_WARN_EMPTY_BODY = YES;
				CLANG_WARN_ENUM_CONVERSION = YES;
				CLANG_WARN_INT_CONVERSION = YES;
				CLANG_WARN_OBJC_ROOT_CLASS = YES_ERROR;
				CLANG_WARN_UNREACHABLE_CODE = YES;
				CLANG_WARN__DUPLICATE_METHOD_MATCH = YES;
				"CODE_SIGN_IDENTITY[sdk=iphoneos*]" = "iPhone Developer";
				COPY_PHASE_STRIP = NO;
				ENABLE_STRICT_OBJC_MSGSEND = YES;
				GCC_C_LANGUAGE_STANDARD = gnu99;
				GCC_DYNAMIC_NO_PIC = NO;
				GCC_OPTIMIZATION_LEVEL = 0;
				GCC_PREPROCESSOR_DEFINITIONS = (
					"DEBUG=1",
					"$(inherited)",
				);
				GCC_SYMBOLS_PRIVATE_EXTERN = NO;
				GCC_WARN_64_TO_32_BIT_CONVERSION = YES;
				GCC_WARN_ABOUT_RETURN_TYPE = YES_ERROR;
				GCC_WARN_UNDECLARED_SELECTOR = YES;
				GCC_WARN_UNINITIALIZED_AUTOS = YES_AGGRESSIVE;
				GCC_WARN_UNUSED_FUNCTION = YES;
				GCC_WARN_UNUSED_VARIABLE = YES;
				IPHONEOS_DEPLOYMENT_TARGET = 8.2;
				MTL_ENABLE_DEBUG_INFO = YES;
				ONLY_ACTIVE_ARCH = YES;
				SDKROOT = iphoneos;
			};
			name = Debug;
		};
		751707E81B4620F6007F1AE2 /* Release */ = {
			isa = XCBuildConfiguration;
			buildSettings = {
				ALWAYS_SEARCH_USER_PATHS = NO;
				CLANG_CXX_LANGUAGE_STANDARD = "gnu++0x";
				CLANG_CXX_LIBRARY = "libc++";
				CLANG_ENABLE_MODULES = YES;
				CLANG_ENABLE_OBJC_ARC = YES;
				CLANG_WARN_BOOL_CONVERSION = YES;
				CLANG_WARN_CONSTANT_CONVERSION = YES;
				CLANG_WARN_DIRECT_OBJC_ISA_USAGE = YES_ERROR;
				CLANG_WARN_EMPTY_BODY = YES;
				CLANG_WARN_ENUM_CONVERSION = YES;
				CLANG_WARN_INT_CONVERSION = YES;
				CLANG_WARN_OBJC_ROOT_CLASS = YES_ERROR;
				CLANG_WARN_UNREACHABLE_CODE = YES;
				CLANG_WARN__DUPLICATE_METHOD_MATCH = YES;
				"CODE_SIGN_IDENTITY[sdk=iphoneos*]" = "iPhone Developer";
				COPY_PHASE_STRIP = NO;
				ENABLE_NS_ASSERTIONS = NO;
				ENABLE_STRICT_OBJC_MSGSEND = YES;
				GCC_C_LANGUAGE_STANDARD = gnu99;
				GCC_WARN_64_TO_32_BIT_CONVERSION = YES;
				GCC_WARN_ABOUT_RETURN_TYPE = YES_ERROR;
				GCC_WARN_UNDECLARED_SELECTOR = YES;
				GCC_WARN_UNINITIALIZED_AUTOS = YES_AGGRESSIVE;
				GCC_WARN_UNUSED_FUNCTION = YES;
				GCC_WARN_UNUSED_VARIABLE = YES;
				IPHONEOS_DEPLOYMENT_TARGET = 8.2;
				MTL_ENABLE_DEBUG_INFO = NO;
				SDKROOT = iphoneos;
				VALIDATE_PRODUCT = YES;
			};
			name = Release;
		};
		751707EA1B4620F6007F1AE2 /* Debug */ = {
			isa = XCBuildConfiguration;
			baseConfigurationReference = FF40F2B762C94D1AB987DB7B /* Pods.debug.xcconfig */;
			buildSettings = {
				ASSETCATALOG_COMPILER_APPICON_NAME = AppIcon;
				ASSETCATALOG_COMPILER_LAUNCHIMAGE_NAME = LaunchImage;
				GCC_PRECOMPILE_PREFIX_HEADER = YES;
				GCC_PREFIX_HEADER = "$(SRCROOT)/ShenHua/ShenHua-Prefix.pch";
				INFOPLIST_FILE = ShenHua/Info.plist;
				IPHONEOS_DEPLOYMENT_TARGET = 7.0;
				LD_RUNPATH_SEARCH_PATHS = "$(inherited) @executable_path/Frameworks";
				PRODUCT_NAME = "$(TARGET_NAME)";
				USER_HEADER_SEARCH_PATHS = "${SRCROOT}/**";
			};
			name = Debug;
		};
		751707EB1B4620F6007F1AE2 /* Release */ = {
			isa = XCBuildConfiguration;
			baseConfigurationReference = FF2375C13402A36ACF555359 /* Pods.release.xcconfig */;
			buildSettings = {
				ASSETCATALOG_COMPILER_APPICON_NAME = AppIcon;
				ASSETCATALOG_COMPILER_LAUNCHIMAGE_NAME = LaunchImage;
				GCC_PRECOMPILE_PREFIX_HEADER = YES;
				GCC_PREFIX_HEADER = "$(SRCROOT)/ShenHua/ShenHua-Prefix.pch";
				INFOPLIST_FILE = ShenHua/Info.plist;
				IPHONEOS_DEPLOYMENT_TARGET = 7.0;
				LD_RUNPATH_SEARCH_PATHS = "$(inherited) @executable_path/Frameworks";
				PRODUCT_NAME = "$(TARGET_NAME)";
				USER_HEADER_SEARCH_PATHS = "${SRCROOT}/**";
			};
			name = Release;
		};
		751707ED1B4620F6007F1AE2 /* Debug */ = {
			isa = XCBuildConfiguration;
			buildSettings = {
				BUNDLE_LOADER = "$(TEST_HOST)";
				FRAMEWORK_SEARCH_PATHS = (
					"$(SDKROOT)/Developer/Library/Frameworks",
					"$(inherited)",
				);
				GCC_PREPROCESSOR_DEFINITIONS = (
					"DEBUG=1",
					"$(inherited)",
				);
				INFOPLIST_FILE = ShenHuaTests/Info.plist;
				LD_RUNPATH_SEARCH_PATHS = "$(inherited) @executable_path/Frameworks @loader_path/Frameworks";
				PRODUCT_NAME = "$(TARGET_NAME)";
				TEST_HOST = "$(BUILT_PRODUCTS_DIR)/ShenHua.app/ShenHua";
			};
			name = Debug;
		};
		751707EE1B4620F6007F1AE2 /* Release */ = {
			isa = XCBuildConfiguration;
			buildSettings = {
				BUNDLE_LOADER = "$(TEST_HOST)";
				FRAMEWORK_SEARCH_PATHS = (
					"$(SDKROOT)/Developer/Library/Frameworks",
					"$(inherited)",
				);
				INFOPLIST_FILE = ShenHuaTests/Info.plist;
				LD_RUNPATH_SEARCH_PATHS = "$(inherited) @executable_path/Frameworks @loader_path/Frameworks";
				PRODUCT_NAME = "$(TARGET_NAME)";
				TEST_HOST = "$(BUILT_PRODUCTS_DIR)/ShenHua.app/ShenHua";
			};
			name = Release;
		};
/* End XCBuildConfiguration section */

/* Begin XCConfigurationList section */
		751707C11B4620F6007F1AE2 /* Build configuration list for PBXProject "ShenHua" */ = {
			isa = XCConfigurationList;
			buildConfigurations = (
				751707E71B4620F6007F1AE2 /* Debug */,
				751707E81B4620F6007F1AE2 /* Release */,
			);
			defaultConfigurationIsVisible = 0;
			defaultConfigurationName = Release;
		};
		751707E91B4620F6007F1AE2 /* Build configuration list for PBXNativeTarget "ShenHua" */ = {
			isa = XCConfigurationList;
			buildConfigurations = (
				751707EA1B4620F6007F1AE2 /* Debug */,
				751707EB1B4620F6007F1AE2 /* Release */,
			);
			defaultConfigurationIsVisible = 0;
			defaultConfigurationName = Release;
		};
		751707EC1B4620F6007F1AE2 /* Build configuration list for PBXNativeTarget "ShenHuaTests" */ = {
			isa = XCConfigurationList;
			buildConfigurations = (
				751707ED1B4620F6007F1AE2 /* Debug */,
				751707EE1B4620F6007F1AE2 /* Release */,
			);
			defaultConfigurationIsVisible = 0;
			defaultConfigurationName = Release;
		};
/* End XCConfigurationList section */
	};
	rootObject = 751707BE1B4620F6007F1AE2 /* Project object */;
}
