// !$*UTF8*$!
{
	archiveVersion = 1;
	classes = {
	};
	objectVersion = 46;
	objects = {

/* Begin PBXBuildFile section */
		751707CC1B4620F6007F1AE2 /* main.m in Sources */ = {isa = PBXBuildFile; fileRef = 751707CB1B4620F6007F1AE2 /* main.m */; };
		751707CF1B4620F6007F1AE2 /* AppDelegate.m in Sources */ = {isa = PBXBuildFile; fileRef = 751707CE1B4620F6007F1AE2 /* AppDelegate.m */; };
		751707D21B4620F6007F1AE2 /* ViewController.m in Sources */ = {isa = PBXBuildFile; fileRef = 751707D11B4620F6007F1AE2 /* ViewController.m */; };
		751707D51B4620F6007F1AE2 /* Main.storyboard in Resources */ = {isa = PBXBuildFile; fileRef = 751707D31B4620F6007F1AE2 /* Main.storyboard */; };
		751707D71B4620F6007F1AE2 /* Images.xcassets in Resources */ = {isa = PBXBuildFile; fileRef = 751707D61B4620F6007F1AE2 /* Images.xcassets */; };
		751707DA1B4620F6007F1AE2 /* LaunchScreen.xib in Resources */ = {isa = PBXBuildFile; fileRef = 751707D81B4620F6007F1AE2 /* LaunchScreen.xib */; };
		751707E61B4620F6007F1AE2 /* ShenHuaTests.m in Sources */ = {isa = PBXBuildFile; fileRef = 751707E51B4620F6007F1AE2 /* ShenHuaTests.m */; };
/* End PBXBuildFile section */

/* Begin PBXContainerItemProxy section */
		751707E01B4620F6007F1AE2 /* PBXContainerItemProxy */ = {
			isa = PBXContainerItemProxy;
			containerPortal = 751707BE1B4620F6007F1AE2 /* Project object */;
			proxyType = 1;
			remoteGlobalIDString = 751707C51B4620F6007F1AE2;
			remoteInfo = ShenHua;
		};
/* End PBXContainerItemProxy section */

/* Begin PBXFileReference section */
		751707C61B4620F6007F1AE2 /* ShenHua.app */ = {isa = PBXFileReference; explicitFileType = wrapper.application; includeInIndex = 0; path = ShenHua.app; sourceTree = BUILT_PRODUCTS_DIR; };
		751707CA1B4620F6007F1AE2 /* Info.plist */ = {isa = PBXFileReference; lastKnownFileType = text.plist.xml; path = Info.plist; sourceTree = "<group>"; };
		751707CB1B4620F6007F1AE2 /* main.m */ = {isa = PBXFileReference; lastKnownFileType = sourcecode.c.objc; path = main.m; sourceTree = "<group>"; };
		751707CD1B4620F6007F1AE2 /* AppDelegate.h */ = {isa = PBXFileReference; lastKnownFileType = sourcecode.c.h; path = AppDelegate.h; sourceTree = "<group>"; };
		751707CE1B4620F6007F1AE2 /* AppDelegate.m */ = {isa = PBXFileReference; lastKnownFileType = sourcecode.c.objc; path = AppDelegate.m; sourceTree = "<group>"; };
		751707D01B4620F6007F1AE2 /* ViewController.h */ = {isa = PBXFileReference; lastKnownFileType = sourcecode.c.h; path = ViewController.h; sourceTree = "<group>"; };
		751707D11B4620F6007F1AE2 /* ViewController.m */ = {isa = PBXFileReference; lastKnownFileType = sourcecode.c.objc; path = ViewController.m; sourceTree = "<group>"; };
		751707D41B4620F6007F1AE2 /* Base */ = {isa = PBXFileReference; lastKnownFileType = file.storyboard; name = Base; path = Base.lproj/Main.storyboard; sourceTree = "<group>"; };
		751707D61B4620F6007F1AE2 /* Images.xcassets */ = {isa = PBXFileReference; lastKnownFileType = folder.assetcatalog; path = Images.xcassets; sourceTree = "<group>"; };
		751707D91B4620F6007F1AE2 /* Base */ = {isa = PBXFileReference; lastKnownFileType = file.xib; name = Base; path = Base.lproj/LaunchScreen.xib; sourceTree = "<group>"; };
		751707DF1B4620F6007F1AE2 /* ShenHuaTests.xctest */ = {isa = PBXFileReference; explicitFileType = wrapper.cfbundle; includeInIndex = 0; path = ShenHuaTests.xctest; sourceTree = BUILT_PRODUCTS_DIR; };
		751707E41B4620F6007F1AE2 /* Info.plist */ = {isa = PBXFileReference; lastKnownFileType = text.plist.xml; path = Info.plist; sourceTree = "<group>"; };
		751707E51B4620F6007F1AE2 /* ShenHuaTests.m */ = {isa = PBXFileReference; lastKnownFileType = sourcecode.c.objc; path = ShenHuaTests.m; sourceTree = "<group>"; };
/* End PBXFileReference section */

/* Begin PBXFrameworksBuildPhase section */
		751707C31B4620F6007F1AE2 /* Frameworks */ = {
			isa = PBXFrameworksBuildPhase;
			buildActionMask = 2147483647;
			files = (
			);
			runOnlyForDeploymentPostprocessing = 0;
		};
		751707DC1B4620F6007F1AE2 /* Frameworks */ = {
			isa = PBXFrameworksBuildPhase;
			buildActionMask = 2147483647;
			files = (
			);
			runOnlyForDeploymentPostprocessing = 0;
		};
/* End PBXFrameworksBuildPhase section */

/* Begin PBXGroup section */
		751707BD1B4620F6007F1AE2 = {
			isa = PBXGroup;
			children = (
				751707C81B4620F6007F1AE2 /* ShenHua */,
				751707E21B4620F6007F1AE2 /* ShenHuaTests */,
				751707C71B4620F6007F1AE2 /* Products */,
			);
			sourceTree = "<group>";
		};
		751707C71B4620F6007F1AE2 /* Products */ = {
			isa = PBXGroup;
			children = (
				751707C61B4620F6007F1AE2 /* ShenHua.app */,
				751707DF1B4620F6007F1AE2 /* ShenHuaTests.xctest */,
			);
			name = Products;
			sourceTree = "<group>";
		};
		751707C81B4620F6007F1AE2 /* ShenHua */ = {
			isa = PBXGroup;
			children = (
				751707CD1B4620F6007F1AE2 /* AppDelegate.h */,
				751707CE1B4620F6007F1AE2 /* AppDelegate.m */,
				751707D01B4620F6007F1AE2 /* ViewController.h */,
				751707D11B4620F6007F1AE2 /* ViewController.m */,
				751707D31B4620F6007F1AE2 /* Main.storyboard */,
				751707D61B4620F6007F1AE2 /* Images.xcassets */,
				751707D81B4620F6007F1AE2 /* LaunchScreen.xib */,
				751707C91B4620F6007F1AE2 /* Supporting Files */,
			);
			path = ShenHua;
			sourceTree = "<group>";
		};
		751707C91B4620F6007F1AE2 /* Supporting Files */ = {
			isa = PBXGroup;
			children = (
				751707CA1B4620F6007F1AE2 /* Info.plist */,
				751707CB1B4620F6007F1AE2 /* main.m */,
			);
			name = "Supporting Files";
			sourceTree = "<group>";
		};
		751707E21B4620F6007F1AE2 /* ShenHuaTests */ = {
			isa = PBXGroup;
			children = (
				751707E51B4620F6007F1AE2 /* ShenHuaTests.m */,
				751707E31B4620F6007F1AE2 /* Supporting Files */,
			);
			path = ShenHuaTests;
			sourceTree = "<group>";
		};
		751707E31B4620F6007F1AE2 /* Supporting Files */ = {
			isa = PBXGroup;
			children = (
				751707E41B4620F6007F1AE2 /* Info.plist */,
			);
			name = "Supporting Files";
			sourceTree = "<group>";
		};
/* End PBXGroup section */

/* Begin PBXNativeTarget section */
		751707C51B4620F6007F1AE2 /* ShenHua */ = {
			isa = PBXNativeTarget;
			buildConfigurationList = 751707E91B4620F6007F1AE2 /* Build configuration list for PBXNativeTarget "ShenHua" */;
			buildPhases = (
				751707C21B4620F6007F1AE2 /* Sources */,
				751707C31B4620F6007F1AE2 /* Frameworks */,
				751707C41B4620F6007F1AE2 /* Resources */,
			);
			buildRules = (
			);
			dependencies = (
			);
			name = ShenHua;
			productName = ShenHua;
			productReference = 751707C61B4620F6007F1AE2 /* ShenHua.app */;
			productType = "com.apple.product-type.application";
		};
		751707DE1B4620F6007F1AE2 /* ShenHuaTests */ = {
			isa = PBXNativeTarget;
			buildConfigurationList = 751707EC1B4620F6007F1AE2 /* Build configuration list for PBXNativeTarget "ShenHuaTests" */;
			buildPhases = (
				751707DB1B4620F6007F1AE2 /* Sources */,
				751707DC1B4620F6007F1AE2 /* Frameworks */,
				751707DD1B4620F6007F1AE2 /* Resources */,
			);
			buildRules = (
			);
			dependencies = (
				751707E11B4620F6007F1AE2 /* PBXTargetDependency */,
			);
			name = ShenHuaTests;
			productName = ShenHuaTests;
			productReference = 751707DF1B4620F6007F1AE2 /* ShenHuaTests.xctest */;
			productType = "com.apple.product-type.bundle.unit-test";
		};
/* End PBXNativeTarget section */

/* Begin PBXProject section */
		751707BE1B4620F6007F1AE2 /* Project object */ = {
			isa = PBXProject;
			attributes = {
				LastUpgradeCheck = 0620;
				ORGANIZATIONNAME = suzhiqiu;
				TargetAttributes = {
					751707C51B4620F6007F1AE2 = {
						CreatedOnToolsVersion = 6.2;
					};
					751707DE1B4620F6007F1AE2 = {
						CreatedOnToolsVersion = 6.2;
						TestTargetID = 751707C51B4620F6007F1AE2;
					};
				};
			};
			buildConfigurationList = 751707C11B4620F6007F1AE2 /* Build configuration list for PBXProject "ShenHua" */;
			compatibilityVersion = "Xcode 3.2";
			developmentRegion = English;
			hasScannedForEncodings = 0;
			knownRegions = (
				en,
				Base,
			);
			mainGroup = 751707BD1B4620F6007F1AE2;
			productRefGroup = 751707C71B4620F6007F1AE2 /* Products */;
			projectDirPath = "";
			projectRoot = "";
			targets = (
				751707C51B4620F6007F1AE2 /* ShenHua */,
				751707DE1B4620F6007F1AE2 /* ShenHuaTests */,
			);
		};
/* End PBXProject section */

/* Begin PBXResourcesBuildPhase section */
		751707C41B4620F6007F1AE2 /* Resources */ = {
			isa = PBXResourcesBuildPhase;
			buildActionMask = 2147483647;
			files = (
				751707D51B4620F6007F1AE2 /* Main.storyboard in Resources */,
				751707DA1B4620F6007F1AE2 /* LaunchScreen.xib in Resources */,
				751707D71B4620F6007F1AE2 /* Images.xcassets in Resources */,
			);
			runOnlyForDeploymentPostprocessing = 0;
		};
		751707DD1B4620F6007F1AE2 /* Resources */ = {
			isa = PBXResourcesBuildPhase;
			buildActionMask = 2147483647;
			files = (
			);
			runOnlyForDeploymentPostprocessing = 0;
		};
/* End PBXResourcesBuildPhase section */

/* Begin PBXSourcesBuildPhase section */
		751707C21B4620F6007F1AE2 /* Sources */ = {
			isa = PBXSourcesBuildPhase;
			buildActionMask = 2147483647;
			files = (
				751707D21B4620F6007F1AE2 /* ViewController.m in Sources */,
				751707CF1B4620F6007F1AE2 /* AppDelegate.m in Sources */,
				751707CC1B4620F6007F1AE2 /* main.m in Sources */,
			);
			runOnlyForDeploymentPostprocessing = 0;
		};
		751707DB1B4620F6007F1AE2 /* Sources */ = {
			isa = PBXSourcesBuildPhase;
			buildActionMask = 2147483647;
			files = (
				751707E61B4620F6007F1AE2 /* ShenHuaTests.m in Sources */,
			);
			runOnlyForDeploymentPostprocessing = 0;
		};
/* End PBXSourcesBuildPhase section */

/* Begin PBXTargetDependency section */
		751707E11B4620F6007F1AE2 /* PBXTargetDependency */ = {
			isa = PBXTargetDependency;
			target = 751707C51B4620F6007F1AE2 /* ShenHua */;
			targetProxy = 751707E01B4620F6007F1AE2 /* PBXContainerItemProxy */;
		};
/* End PBXTargetDependency section */

/* Begin PBXVariantGroup section */
		751707D31B4620F6007F1AE2 /* Main.storyboard */ = {
			isa = PBXVariantGroup;
			children = (
				751707D41B4620F6007F1AE2 /* Base */,
			);
			name = Main.storyboard;
			sourceTree = "<group>";
		};
		751707D81B4620F6007F1AE2 /* LaunchScreen.xib */ = {
			isa = PBXVariantGroup;
			children = (
				751707D91B4620F6007F1AE2 /* Base */,
			);
			name = LaunchScreen.xib;
			sourceTree = "<group>";
		};
/* End PBXVariantGroup section */

/* Begin XCBuildConfiguration section */
		751707E71B4620F6007F1AE2 /* Debug */ = {
			isa = XCBuildConfiguration;
			buildSettings = {
				ALWAYS_SEARCH_USER_PATHS = NO;
				CLANG_CXX_LANGUAGE_STANDARD = "gnu++0x";
				CLANG_CXX_LIBRARY = "libc++";
				CLANG_ENABLE_MODULES = YES;
				CLANG_ENABLE_OBJC_ARC = YES;
				CLANG_WARN_BOOL_CONVERSION = YES;
				CLANG_WARN_CONSTANT_CONVERSION = YES;
				CLANG_WARN_DIRECT_OBJC_ISA_USAGE = YES_ERROR;
				CLANG_WARN_EMPTY_BODY = YES;
				CLANG_WARN_ENUM_CONVERSION = YES;
				CLANG_WARN_INT_CONVERSION = YES;
				CLANG_WARN_OBJC_ROOT_CLASS = YES_ERROR;
				CLANG_WARN_UNREACHABLE_CODE = YES;
				CLANG_WARN__DUPLICATE_METHOD_MATCH = YES;
				"CODE_SIGN_IDENTITY[sdk=iphoneos*]" = "iPhone Developer";
				COPY_PHASE_STRIP = NO;
				ENABLE_STRICT_OBJC_MSGSEND = YES;
				GCC_C_LANGUAGE_STANDARD = gnu99;
				GCC_DYNAMIC_NO_PIC = NO;
				GCC_OPTIMIZATION_LEVEL = 0;
				GCC_PREPROCESSOR_DEFINITIONS = (
					"DEBUG=1",
					"$(inherited)",
				);
				GCC_SYMBOLS_PRIVATE_EXTERN = NO;
				GCC_WARN_64_TO_32_BIT_CONVERSION = YES;
				GCC_WARN_ABOUT_RETURN_TYPE = YES_ERROR;
				GCC_WARN_UNDECLARED_SELECTOR = YES;
				GCC_WARN_UNINITIALIZED_AUTOS = YES_AGGRESSIVE;
				GCC_WARN_UNUSED_FUNCTION = YES;
				GCC_WARN_UNUSED_VARIABLE = YES;
				IPHONEOS_DEPLOYMENT_TARGET = 8.2;
				MTL_ENABLE_DEBUG_INFO = YES;
				ONLY_ACTIVE_ARCH = YES;
				SDKROOT = iphoneos;
			};
			name = Debug;
		};
		751707E81B4620F6007F1AE2 /* Release */ = {
			isa = XCBuildConfiguration;
			buildSettings = {
				ALWAYS_SEARCH_USER_PATHS = NO;
				CLANG_CXX_LANGUAGE_STANDARD = "gnu++0x";
				CLANG_CXX_LIBRARY = "libc++";
				CLANG_ENABLE_MODULES = YES;
				CLANG_ENABLE_OBJC_ARC = YES;
				CLANG_WARN_BOOL_CONVERSION = YES;
				CLANG_WARN_CONSTANT_CONVERSION = YES;
				CLANG_WARN_DIRECT_OBJC_ISA_USAGE = YES_ERROR;
				CLANG_WARN_EMPTY_BODY = YES;
				CLANG_WARN_ENUM_CONVERSION = YES;
				CLANG_WARN_INT_CONVERSION = YES;
				CLANG_WARN_OBJC_ROOT_CLASS = YES_ERROR;
				CLANG_WARN_UNREACHABLE_CODE = YES;
				CLANG_WARN__DUPLICATE_METHOD_MATCH = YES;
				"CODE_SIGN_IDENTITY[sdk=iphoneos*]" = "iPhone Developer";
				COPY_PHASE_STRIP = NO;
				ENABLE_NS_ASSERTIONS = NO;
				ENABLE_STRICT_OBJC_MSGSEND = YES;
				GCC_C_LANGUAGE_STANDARD = gnu99;
				GCC_WARN_64_TO_32_BIT_CONVERSION = YES;
				GCC_WARN_ABOUT_RETURN_TYPE = YES_ERROR;
				GCC_WARN_UNDECLARED_SELECTOR = YES;
				GCC_WARN_UNINITIALIZED_AUTOS = YES_AGGRESSIVE;
				GCC_WARN_UNUSED_FUNCTION = YES;
				GCC_WARN_UNUSED_VARIABLE = YES;
				IPHONEOS_DEPLOYMENT_TARGET = 8.2;
				MTL_ENABLE_DEBUG_INFO = NO;
				SDKROOT = iphoneos;
				VALIDATE_PRODUCT = YES;
			};
			name = Release;
		};
		751707EA1B4620F6007F1AE2 /* Debug */ = {
			isa = XCBuildConfiguration;
			buildSettings = {
				ASSETCATALOG_COMPILER_APPICON_NAME = AppIcon;
				INFOPLIST_FILE = ShenHua/Info.plist;
				LD_RUNPATH_SEARCH_PATHS = "$(inherited) @executable_path/Frameworks";
				PRODUCT_NAME = "$(TARGET_NAME)";
			};
			name = Debug;
		};
		751707EB1B4620F6007F1AE2 /* Release */ = {
			isa = XCBuildConfiguration;
			buildSettings = {
				ASSETCATALOG_COMPILER_APPICON_NAME = AppIcon;
				INFOPLIST_FILE = ShenHua/Info.plist;
				LD_RUNPATH_SEARCH_PATHS = "$(inherited) @executable_path/Frameworks";
				PRODUCT_NAME = "$(TARGET_NAME)";
			};
			name = Release;
		};
		751707ED1B4620F6007F1AE2 /* Debug */ = {
			isa = XCBuildConfiguration;
			buildSettings = {
				BUNDLE_LOADER = "$(TEST_HOST)";
				FRAMEWORK_SEARCH_PATHS = (
					"$(SDKROOT)/Developer/Library/Frameworks",
					"$(inherited)",
				);
				GCC_PREPROCESSOR_DEFINITIONS = (
					"DEBUG=1",
					"$(inherited)",
				);
				INFOPLIST_FILE = ShenHuaTests/Info.plist;
				LD_RUNPATH_SEARCH_PATHS = "$(inherited) @executable_path/Frameworks @loader_path/Frameworks";
				PRODUCT_NAME = "$(TARGET_NAME)";
				TEST_HOST = "$(BUILT_PRODUCTS_DIR)/ShenHua.app/ShenHua";
			};
			name = Debug;
		};
		751707EE1B4620F6007F1AE2 /* Release */ = {
			isa = XCBuildConfiguration;
			buildSettings = {
				BUNDLE_LOADER = "$(TEST_HOST)";
				FRAMEWORK_SEARCH_PATHS = (
					"$(SDKROOT)/Developer/Library/Frameworks",
					"$(inherited)",
				);
				INFOPLIST_FILE = ShenHuaTests/Info.plist;
				LD_RUNPATH_SEARCH_PATHS = "$(inherited) @executable_path/Frameworks @loader_path/Frameworks";
				PRODUCT_NAME = "$(TARGET_NAME)";
				TEST_HOST = "$(BUILT_PRODUCTS_DIR)/ShenHua.app/ShenHua";
			};
			name = Release;
		};
/* End XCBuildConfiguration section */

/* Begin XCConfigurationList section */
		751707C11B4620F6007F1AE2 /* Build configuration list for PBXProject "ShenHua" */ = {
			isa = XCConfigurationList;
			buildConfigurations = (
				751707E71B4620F6007F1AE2 /* Debug */,
				751707E81B4620F6007F1AE2 /* Release */,
			);
			defaultConfigurationIsVisible = 0;
			defaultConfigurationName = Release;
		};
		751707E91B4620F6007F1AE2 /* Build configuration list for PBXNativeTarget "ShenHua" */ = {
			isa = XCConfigurationList;
			buildConfigurations = (
				751707EA1B4620F6007F1AE2 /* Debug */,
				751707EB1B4620F6007F1AE2 /* Release */,
			);
			defaultConfigurationIsVisible = 0;
		};
		751707EC1B4620F6007F1AE2 /* Build configuration list for PBXNativeTarget "ShenHuaTests" */ = {
			isa = XCConfigurationList;
			buildConfigurations = (
				751707ED1B4620F6007F1AE2 /* Debug */,
				751707EE1B4620F6007F1AE2 /* Release */,
			);
			defaultConfigurationIsVisible = 0;
		};
/* End XCConfigurationList section */
	};
	rootObject = 751707BE1B4620F6007F1AE2 /* Project object */;
}
